// !$*UTF8*$!
{
	archiveVersion = 1;
	classes = {
	};
	objectVersion = 46;
	objects = {

/* Begin PBXBuildFile section */
		12F39E7B1EBE0A3F00A1B9E3 /* main.m in Sources */ = {isa = PBXBuildFile; fileRef = 12F39E7A1EBE0A3F00A1B9E3 /* main.m */; };
		12F39E7E1EBE0A3F00A1B9E3 /* AppDelegate.m in Sources */ = {isa = PBXBuildFile; fileRef = 12F39E7D1EBE0A3F00A1B9E3 /* AppDelegate.m */; };
		12F39E841EBE0A3F00A1B9E3 /* Main.storyboard in Resources */ = {isa = PBXBuildFile; fileRef = 12F39E821EBE0A3F00A1B9E3 /* Main.storyboard */; };
		12F39E861EBE0A3F00A1B9E3 /* Assets.xcassets in Resources */ = {isa = PBXBuildFile; fileRef = 12F39E851EBE0A3F00A1B9E3 /* Assets.xcassets */; };
		12F39E891EBE0A3F00A1B9E3 /* LaunchScreen.storyboard in Resources */ = {isa = PBXBuildFile; fileRef = 12F39E871EBE0A3F00A1B9E3 /* LaunchScreen.storyboard */; };
		12F39E941EBE0A3F00A1B9E3 /* IPaiDirectSeedingTests.m in Sources */ = {isa = PBXBuildFile; fileRef = 12F39E931EBE0A3F00A1B9E3 /* IPaiDirectSeedingTests.m */; };
		12F39E9F1EBE0A4000A1B9E3 /* IPaiDirectSeedingUITests.m in Sources */ = {isa = PBXBuildFile; fileRef = 12F39E9E1EBE0A4000A1B9E3 /* IPaiDirectSeedingUITests.m */; };
		12F39EBB1EBF5D2800A1B9E3 /* RegisterViewController.m in Sources */ = {isa = PBXBuildFile; fileRef = 12F39EB91EBF5D2800A1B9E3 /* RegisterViewController.m */; };
		12F39EBC1EBF5D2800A1B9E3 /* RegisterViewController.xib in Resources */ = {isa = PBXBuildFile; fileRef = 12F39EBA1EBF5D2800A1B9E3 /* RegisterViewController.xib */; };
		182C51EF1EC54A850044FF5B /* UserLoginMessageModel.m in Sources */ = {isa = PBXBuildFile; fileRef = 182C51EE1EC54A850044FF5B /* UserLoginMessageModel.m */; };
		182C51F21EC58FF90044FF5B /* GloablConfig.m in Sources */ = {isa = PBXBuildFile; fileRef = 182C51F11EC58FF90044FF5B /* GloablConfig.m */; };
		182C51F61EC5906E0044FF5B /* DataModel.m in Sources */ = {isa = PBXBuildFile; fileRef = 182C51F51EC5906E0044FF5B /* DataModel.m */; };
		182C52001EC5922A0044FF5B /* AESCrypt.m in Sources */ = {isa = PBXBuildFile; fileRef = 182C51F91EC5922A0044FF5B /* AESCrypt.m */; };
		182C52011EC5922A0044FF5B /* NSData+Base64.m in Sources */ = {isa = PBXBuildFile; fileRef = 182C51FB1EC5922A0044FF5B /* NSData+Base64.m */; };
		182C52021EC5922A0044FF5B /* NSData+CommonCrypto.m in Sources */ = {isa = PBXBuildFile; fileRef = 182C51FD1EC5922A0044FF5B /* NSData+CommonCrypto.m */; };
		182C52031EC5922A0044FF5B /* NSString+Base64.m in Sources */ = {isa = PBXBuildFile; fileRef = 182C51FF1EC5922A0044FF5B /* NSString+Base64.m */; };
		182C52081EC5A0CC0044FF5B /* MyGuanzZhuViewController.m in Sources */ = {isa = PBXBuildFile; fileRef = 182C52061EC5A0CC0044FF5B /* MyGuanzZhuViewController.m */; };
		182C52091EC5A0CC0044FF5B /* MyGuanzZhuViewController.xib in Resources */ = {isa = PBXBuildFile; fileRef = 182C52071EC5A0CC0044FF5B /* MyGuanzZhuViewController.xib */; };
		182C520D1EC5A1020044FF5B /* MyShiMingViewController.m in Sources */ = {isa = PBXBuildFile; fileRef = 182C520B1EC5A1020044FF5B /* MyShiMingViewController.m */; };
		182C520E1EC5A1020044FF5B /* MyShiMingViewController.xib in Resources */ = {isa = PBXBuildFile; fileRef = 182C520C1EC5A1020044FF5B /* MyShiMingViewController.xib */; };
		182C52121EC5A1190044FF5B /* MyQiyeRenZhengViewController.m in Sources */ = {isa = PBXBuildFile; fileRef = 182C52101EC5A1190044FF5B /* MyQiyeRenZhengViewController.m */; };
		182C52131EC5A1190044FF5B /* MyQiyeRenZhengViewController.xib in Resources */ = {isa = PBXBuildFile; fileRef = 182C52111EC5A1190044FF5B /* MyQiyeRenZhengViewController.xib */; };
		182C52171EC5A3CF0044FF5B /* MyWalletViewController.m in Sources */ = {isa = PBXBuildFile; fileRef = 182C52151EC5A3CF0044FF5B /* MyWalletViewController.m */; };
		182C52181EC5A3CF0044FF5B /* MyWalletViewController.xib in Resources */ = {isa = PBXBuildFile; fileRef = 182C52161EC5A3CF0044FF5B /* MyWalletViewController.xib */; };
		182C521C1EC5A3EB0044FF5B /* MySafeViewController.m in Sources */ = {isa = PBXBuildFile; fileRef = 182C521A1EC5A3EB0044FF5B /* MySafeViewController.m */; };
		182C521D1EC5A3EB0044FF5B /* MySafeViewController.xib in Resources */ = {isa = PBXBuildFile; fileRef = 182C521B1EC5A3EB0044FF5B /* MySafeViewController.xib */; };
		182C52211EC5A4040044FF5B /* MySetViewController.m in Sources */ = {isa = PBXBuildFile; fileRef = 182C521F1EC5A4040044FF5B /* MySetViewController.m */; };
		182C52221EC5A4040044FF5B /* MySetViewController.xib in Resources */ = {isa = PBXBuildFile; fileRef = 182C52201EC5A4040044FF5B /* MySetViewController.xib */; };
		182C52281EC5AC070044FF5B /* GuanZhuListCell.m in Sources */ = {isa = PBXBuildFile; fileRef = 182C52261EC5AC070044FF5B /* GuanZhuListCell.m */; };
		182C52291EC5AC070044FF5B /* GuanZhuListCell.xib in Resources */ = {isa = PBXBuildFile; fileRef = 182C52271EC5AC070044FF5B /* GuanZhuListCell.xib */; };
		184CCD331EC009BC00C46056 /* FirstPageViewController.m in Sources */ = {isa = PBXBuildFile; fileRef = 184CCD311EC009BC00C46056 /* FirstPageViewController.m */; };
		184CCD341EC009BC00C46056 /* FirstPageViewController.xib in Resources */ = {isa = PBXBuildFile; fileRef = 184CCD321EC009BC00C46056 /* FirstPageViewController.xib */; };
		184CCD3C1EC00AA600C46056 /* InstructionViewController.m in Sources */ = {isa = PBXBuildFile; fileRef = 184CCD3A1EC00AA600C46056 /* InstructionViewController.m */; };
		184CCD3D1EC00AA600C46056 /* InstructionViewController.xib in Resources */ = {isa = PBXBuildFile; fileRef = 184CCD3B1EC00AA600C46056 /* InstructionViewController.xib */; };
		184CCD411EC00ABC00C46056 /* LotsViewController.m in Sources */ = {isa = PBXBuildFile; fileRef = 184CCD3F1EC00ABC00C46056 /* LotsViewController.m */; };
		184CCD421EC00ABC00C46056 /* LotsViewController.xib in Resources */ = {isa = PBXBuildFile; fileRef = 184CCD401EC00ABC00C46056 /* LotsViewController.xib */; };
		184CCD461EC00ACA00C46056 /* MineViewController.m in Sources */ = {isa = PBXBuildFile; fileRef = 184CCD441EC00ACA00C46056 /* MineViewController.m */; };
		184CCD471EC00ACA00C46056 /* MineViewController.xib in Resources */ = {isa = PBXBuildFile; fileRef = 184CCD451EC00ACA00C46056 /* MineViewController.xib */; };
		184CCD511EC00CCC00C46056 /* IPaiNavigationController.m in Sources */ = {isa = PBXBuildFile; fileRef = 184CCD501EC00CCC00C46056 /* IPaiNavigationController.m */; };
		184CCD541EC00D0400C46056 /* IpaiTabBarController.m in Sources */ = {isa = PBXBuildFile; fileRef = 184CCD531EC00D0400C46056 /* IpaiTabBarController.m */; };
		184CCD671EC00F3500C46056 /* icon_explain-B@2x.png in Resources */ = {isa = PBXBuildFile; fileRef = 184CCD571EC00F3500C46056 /* icon_explain-B@2x.png */; };
		184CCD681EC00F3500C46056 /* icon_explain-B@3x.png in Resources */ = {isa = PBXBuildFile; fileRef = 184CCD581EC00F3500C46056 /* icon_explain-B@3x.png */; };
		184CCD691EC00F3500C46056 /* icon_explain-G@2x.png in Resources */ = {isa = PBXBuildFile; fileRef = 184CCD591EC00F3500C46056 /* icon_explain-G@2x.png */; };
		184CCD6A1EC00F3500C46056 /* icon_explain-G@3x.png in Resources */ = {isa = PBXBuildFile; fileRef = 184CCD5A1EC00F3500C46056 /* icon_explain-G@3x.png */; };
		184CCD6B1EC00F3500C46056 /* icon_hammer-B@2x.png in Resources */ = {isa = PBXBuildFile; fileRef = 184CCD5B1EC00F3500C46056 /* icon_hammer-B@2x.png */; };
		184CCD6C1EC00F3500C46056 /* icon_hammer-B@3x.png in Resources */ = {isa = PBXBuildFile; fileRef = 184CCD5C1EC00F3500C46056 /* icon_hammer-B@3x.png */; };
		184CCD6D1EC00F3500C46056 /* icon_hammer-G@2x.png in Resources */ = {isa = PBXBuildFile; fileRef = 184CCD5D1EC00F3500C46056 /* icon_hammer-G@2x.png */; };
		184CCD6E1EC00F3500C46056 /* icon_hammer-G@3x.png in Resources */ = {isa = PBXBuildFile; fileRef = 184CCD5E1EC00F3500C46056 /* icon_hammer-G@3x.png */; };
		184CCD6F1EC00F3500C46056 /* icon_main-B@2x.png in Resources */ = {isa = PBXBuildFile; fileRef = 184CCD5F1EC00F3500C46056 /* icon_main-B@2x.png */; };
		184CCD701EC00F3500C46056 /* icon_main-B@3x.png in Resources */ = {isa = PBXBuildFile; fileRef = 184CCD601EC00F3500C46056 /* icon_main-B@3x.png */; };
		184CCD711EC00F3500C46056 /* icon_main-G@2x.png in Resources */ = {isa = PBXBuildFile; fileRef = 184CCD611EC00F3500C46056 /* icon_main-G@2x.png */; };
		184CCD721EC00F3500C46056 /* icon_main-G@3x.png in Resources */ = {isa = PBXBuildFile; fileRef = 184CCD621EC00F3500C46056 /* icon_main-G@3x.png */; };
		184CCD731EC00F3500C46056 /* icon_my-B@2x.png in Resources */ = {isa = PBXBuildFile; fileRef = 184CCD631EC00F3500C46056 /* icon_my-B@2x.png */; };
		184CCD741EC00F3500C46056 /* icon_my-B@3x.png in Resources */ = {isa = PBXBuildFile; fileRef = 184CCD641EC00F3500C46056 /* icon_my-B@3x.png */; };
		184CCD751EC00F3500C46056 /* icon_my-G@2x.png in Resources */ = {isa = PBXBuildFile; fileRef = 184CCD651EC00F3500C46056 /* icon_my-G@2x.png */; };
		184CCD761EC00F3500C46056 /* icon_my-G@3x.png in Resources */ = {isa = PBXBuildFile; fileRef = 184CCD661EC00F3500C46056 /* icon_my-G@3x.png */; };
		184CCD7B1EC045DA00C46056 /* LoginViewController.m in Sources */ = {isa = PBXBuildFile; fileRef = 184CCD791EC045DA00C46056 /* LoginViewController.m */; };
		184CCD7C1EC045DA00C46056 /* LoginViewController.xib in Resources */ = {isa = PBXBuildFile; fileRef = 184CCD7A1EC045DA00C46056 /* LoginViewController.xib */; };
		184CCD851EC046A100C46056 /* 登录页@3x.png in Resources */ = {isa = PBXBuildFile; fileRef = 184CCD801EC046A100C46056 /* 登录页@3x.png */; };
		184CCD861EC046A100C46056 /* 头像.jpg in Resources */ = {isa = PBXBuildFile; fileRef = 184CCD811EC046A100C46056 /* 头像.jpg */; };
		184CCD871EC046A100C46056 /* 未标题-1.jpg in Resources */ = {isa = PBXBuildFile; fileRef = 184CCD821EC046A100C46056 /* 未标题-1.jpg */; };
		184CCD881EC046A100C46056 /* 主页默认图.jpg in Resources */ = {isa = PBXBuildFile; fileRef = 184CCD831EC046A100C46056 /* 主页默认图.jpg */; };
		184CCD891EC046A100C46056 /* 注册页@3x.png in Resources */ = {isa = PBXBuildFile; fileRef = 184CCD841EC046A100C46056 /* 注册页@3x.png */; };
		184CCD8C1EC049F000C46056 /* icon_return_g@2x.png in Resources */ = {isa = PBXBuildFile; fileRef = 184CCD8B1EC049F000C46056 /* icon_return_g@2x.png */; };
		184CCD8E1EC049FA00C46056 /* icon_return_g@3x.png in Resources */ = {isa = PBXBuildFile; fileRef = 184CCD8D1EC049FA00C46056 /* icon_return_g@3x.png */; };
		184CCD911EC05CED00C46056 /* icon_return_w@2x.png in Resources */ = {isa = PBXBuildFile; fileRef = 184CCD8F1EC05CED00C46056 /* icon_return_w@2x.png */; };
		184CCD921EC05CED00C46056 /* icon_return_w@3x.png in Resources */ = {isa = PBXBuildFile; fileRef = 184CCD901EC05CED00C46056 /* icon_return_w@3x.png */; };
		184CCD961EC0715100C46056 /* ChangePwdViewController.m in Sources */ = {isa = PBXBuildFile; fileRef = 184CCD941EC0715100C46056 /* ChangePwdViewController.m */; };
		184CCD971EC0715100C46056 /* ChangePwdViewController.xib in Resources */ = {isa = PBXBuildFile; fileRef = 184CCD951EC0715100C46056 /* ChangePwdViewController.xib */; };
		184CCD9F1EC15F7D00C46056 /* ByMailViewController.m in Sources */ = {isa = PBXBuildFile; fileRef = 184CCD9D1EC15F7D00C46056 /* ByMailViewController.m */; };
		184CCDA01EC15F7D00C46056 /* ByMailViewController.xib in Resources */ = {isa = PBXBuildFile; fileRef = 184CCD9E1EC15F7D00C46056 /* ByMailViewController.xib */; };
		1872CC491EC18F18003095B9 /* FGGAutoScrollView.m in Sources */ = {isa = PBXBuildFile; fileRef = 1872CC481EC18F18003095B9 /* FGGAutoScrollView.m */; };
		1872CCD51EC19E9A003095B9 /* MapKit.framework in Frameworks */ = {isa = PBXBuildFile; fileRef = 1872CCD41EC19E9A003095B9 /* MapKit.framework */; };
		1872CCD71EC19EA4003095B9 /* ImageIO.framework in Frameworks */ = {isa = PBXBuildFile; fileRef = 1872CCD61EC19EA4003095B9 /* ImageIO.framework */; };
		1872CCDB1EC1A27F003095B9 /* PaiMaiViewCell.m in Sources */ = {isa = PBXBuildFile; fileRef = 1872CCD91EC1A27F003095B9 /* PaiMaiViewCell.m */; };
		1872CCDC1EC1A27F003095B9 /* PaiMaiViewCell.xib in Resources */ = {isa = PBXBuildFile; fileRef = 1872CCDA1EC1A27F003095B9 /* PaiMaiViewCell.xib */; };
		1872CCF51EC1AFA1003095B9 /* icon_goin-G@2x.png in Resources */ = {isa = PBXBuildFile; fileRef = 1872CCDF1EC1AFA1003095B9 /* icon_goin-G@2x.png */; };
		1872CCF61EC1AFA1003095B9 /* icon_goin-G@3x.png in Resources */ = {isa = PBXBuildFile; fileRef = 1872CCE01EC1AFA1003095B9 /* icon_goin-G@3x.png */; };
		1872CCF71EC1AFA1003095B9 /* icon_goin-W@2x.png in Resources */ = {isa = PBXBuildFile; fileRef = 1872CCE11EC1AFA1003095B9 /* icon_goin-W@2x.png */; };
		1872CCF81EC1AFA1003095B9 /* icon_goin-W@3x.png in Resources */ = {isa = PBXBuildFile; fileRef = 1872CCE21EC1AFA1003095B9 /* icon_goin-W@3x.png */; };
		1872CCF91EC1AFA1003095B9 /* icon_my_anchor@2x.png in Resources */ = {isa = PBXBuildFile; fileRef = 1872CCE31EC1AFA1003095B9 /* icon_my_anchor@2x.png */; };
		1872CCFA1EC1AFA1003095B9 /* icon_my_anchor@3x.png in Resources */ = {isa = PBXBuildFile; fileRef = 1872CCE41EC1AFA1003095B9 /* icon_my_anchor@3x.png */; };
		1872CCFB1EC1AFA1003095B9 /* icon_my_attention@2x.png in Resources */ = {isa = PBXBuildFile; fileRef = 1872CCE51EC1AFA1003095B9 /* icon_my_attention@2x.png */; };
		1872CCFC1EC1AFA1003095B9 /* icon_my_attention@3x.png in Resources */ = {isa = PBXBuildFile; fileRef = 1872CCE61EC1AFA1003095B9 /* icon_my_attention@3x.png */; };
		1872CCFD1EC1AFA1003095B9 /* icon_my_earnings@2x.png in Resources */ = {isa = PBXBuildFile; fileRef = 1872CCE71EC1AFA1003095B9 /* icon_my_earnings@2x.png */; };
		1872CCFE1EC1AFA1003095B9 /* icon_my_earnings@3x.png in Resources */ = {isa = PBXBuildFile; fileRef = 1872CCE81EC1AFA1003095B9 /* icon_my_earnings@3x.png */; };
		1872CCFF1EC1AFA1003095B9 /* icon_my_enterprise-certification@2x.png in Resources */ = {isa = PBXBuildFile; fileRef = 1872CCE91EC1AFA1003095B9 /* icon_my_enterprise-certification@2x.png */; };
		1872CD001EC1AFA1003095B9 /* icon_my_enterprise-certification@3x.png in Resources */ = {isa = PBXBuildFile; fileRef = 1872CCEA1EC1AFA1003095B9 /* icon_my_enterprise-certification@3x.png */; };
		1872CD011EC1AFA1003095B9 /* icon_my_fans@2x.png in Resources */ = {isa = PBXBuildFile; fileRef = 1872CCEB1EC1AFA1003095B9 /* icon_my_fans@2x.png */; };
		1872CD021EC1AFA1003095B9 /* icon_my_fans@3x.png in Resources */ = {isa = PBXBuildFile; fileRef = 1872CCEC1EC1AFA1003095B9 /* icon_my_fans@3x.png */; };
		1872CD031EC1AFA1003095B9 /* icon_my_personal-certificate@2x.png in Resources */ = {isa = PBXBuildFile; fileRef = 1872CCED1EC1AFA1003095B9 /* icon_my_personal-certificate@2x.png */; };
		1872CD041EC1AFA1003095B9 /* icon_my_personal-certificate@3x.png in Resources */ = {isa = PBXBuildFile; fileRef = 1872CCEE1EC1AFA1003095B9 /* icon_my_personal-certificate@3x.png */; };
		1872CD051EC1AFA1003095B9 /* icon_my_safety@2x.png in Resources */ = {isa = PBXBuildFile; fileRef = 1872CCEF1EC1AFA1003095B9 /* icon_my_safety@2x.png */; };
		1872CD061EC1AFA1003095B9 /* icon_my_safety@3x.png in Resources */ = {isa = PBXBuildFile; fileRef = 1872CCF01EC1AFA1003095B9 /* icon_my_safety@3x.png */; };
		1872CD071EC1AFA1003095B9 /* icon_my_set@2x.png in Resources */ = {isa = PBXBuildFile; fileRef = 1872CCF11EC1AFA1003095B9 /* icon_my_set@2x.png */; };
		1872CD081EC1AFA1003095B9 /* icon_my_set@3x.png in Resources */ = {isa = PBXBuildFile; fileRef = 1872CCF21EC1AFA1003095B9 /* icon_my_set@3x.png */; };
		1872CD091EC1AFA1003095B9 /* icon_my_wallet@2x.png in Resources */ = {isa = PBXBuildFile; fileRef = 1872CCF31EC1AFA1003095B9 /* icon_my_wallet@2x.png */; };
		1872CD0A1EC1AFA1003095B9 /* icon_my_wallet@3x.png in Resources */ = {isa = PBXBuildFile; fileRef = 1872CCF41EC1AFA1003095B9 /* icon_my_wallet@3x.png */; };
		1872CEBE1EC3F740003095B9 /* NetWorkingTool.m in Sources */ = {isa = PBXBuildFile; fileRef = 1872CEBD1EC3F740003095B9 /* NetWorkingTool.m */; };
		1872CEC11EC401A3003095B9 /* LCMD5Tool.m in Sources */ = {isa = PBXBuildFile; fileRef = 1872CEC01EC401A3003095B9 /* LCMD5Tool.m */; };
		1872CEC61EC44B35003095B9 /* UserInfoModel.m in Sources */ = {isa = PBXBuildFile; fileRef = 1872CEC51EC44B35003095B9 /* UserInfoModel.m */; };
		1872CECA1EC45E07003095B9 /* UserInfoViewController.m in Sources */ = {isa = PBXBuildFile; fileRef = 1872CEC81EC45E07003095B9 /* UserInfoViewController.m */; };
		1872CECB1EC45E07003095B9 /* UserInfoViewController.xib in Resources */ = {isa = PBXBuildFile; fileRef = 1872CEC91EC45E07003095B9 /* UserInfoViewController.xib */; };
		635FA9F89CF25E81AE74B905 /* libPods-IPaiDirectSeeding.a in Frameworks */ = {isa = PBXBuildFile; fileRef = B816B121AA42500989261164 /* libPods-IPaiDirectSeeding.a */; };
/* End PBXBuildFile section */

/* Begin PBXContainerItemProxy section */
		12F39E901EBE0A3F00A1B9E3 /* PBXContainerItemProxy */ = {
			isa = PBXContainerItemProxy;
			containerPortal = 12F39E6E1EBE0A3F00A1B9E3 /* Project object */;
			proxyType = 1;
			remoteGlobalIDString = 12F39E751EBE0A3F00A1B9E3;
			remoteInfo = IPaiDirectSeeding;
		};
		12F39E9B1EBE0A4000A1B9E3 /* PBXContainerItemProxy */ = {
			isa = PBXContainerItemProxy;
			containerPortal = 12F39E6E1EBE0A3F00A1B9E3 /* Project object */;
			proxyType = 1;
			remoteGlobalIDString = 12F39E751EBE0A3F00A1B9E3;
			remoteInfo = IPaiDirectSeeding;
		};
/* End PBXContainerItemProxy section */

/* Begin PBXFileReference section */
		12F39E761EBE0A3F00A1B9E3 /* IPaiDirectSeeding.app */ = {isa = PBXFileReference; explicitFileType = wrapper.application; includeInIndex = 0; path = IPaiDirectSeeding.app; sourceTree = BUILT_PRODUCTS_DIR; };
		12F39E7A1EBE0A3F00A1B9E3 /* main.m */ = {isa = PBXFileReference; lastKnownFileType = sourcecode.c.objc; path = main.m; sourceTree = "<group>"; };
		12F39E7C1EBE0A3F00A1B9E3 /* AppDelegate.h */ = {isa = PBXFileReference; lastKnownFileType = sourcecode.c.h; path = AppDelegate.h; sourceTree = "<group>"; };
		12F39E7D1EBE0A3F00A1B9E3 /* AppDelegate.m */ = {isa = PBXFileReference; lastKnownFileType = sourcecode.c.objc; path = AppDelegate.m; sourceTree = "<group>"; };
		12F39E831EBE0A3F00A1B9E3 /* Base */ = {isa = PBXFileReference; lastKnownFileType = file.storyboard; name = Base; path = Base.lproj/Main.storyboard; sourceTree = "<group>"; };
		12F39E851EBE0A3F00A1B9E3 /* Assets.xcassets */ = {isa = PBXFileReference; lastKnownFileType = folder.assetcatalog; path = Assets.xcassets; sourceTree = "<group>"; };
		12F39E881EBE0A3F00A1B9E3 /* Base */ = {isa = PBXFileReference; lastKnownFileType = file.storyboard; name = Base; path = Base.lproj/LaunchScreen.storyboard; sourceTree = "<group>"; };
		12F39E8A1EBE0A3F00A1B9E3 /* Info.plist */ = {isa = PBXFileReference; lastKnownFileType = text.plist.xml; path = Info.plist; sourceTree = "<group>"; };
		12F39E8F1EBE0A3F00A1B9E3 /* IPaiDirectSeedingTests.xctest */ = {isa = PBXFileReference; explicitFileType = wrapper.cfbundle; includeInIndex = 0; path = IPaiDirectSeedingTests.xctest; sourceTree = BUILT_PRODUCTS_DIR; };
		12F39E931EBE0A3F00A1B9E3 /* IPaiDirectSeedingTests.m */ = {isa = PBXFileReference; lastKnownFileType = sourcecode.c.objc; path = IPaiDirectSeedingTests.m; sourceTree = "<group>"; };
		12F39E951EBE0A4000A1B9E3 /* Info.plist */ = {isa = PBXFileReference; lastKnownFileType = text.plist.xml; path = Info.plist; sourceTree = "<group>"; };
		12F39E9A1EBE0A4000A1B9E3 /* IPaiDirectSeedingUITests.xctest */ = {isa = PBXFileReference; explicitFileType = wrapper.cfbundle; includeInIndex = 0; path = IPaiDirectSeedingUITests.xctest; sourceTree = BUILT_PRODUCTS_DIR; };
		12F39E9E1EBE0A4000A1B9E3 /* IPaiDirectSeedingUITests.m */ = {isa = PBXFileReference; lastKnownFileType = sourcecode.c.objc; path = IPaiDirectSeedingUITests.m; sourceTree = "<group>"; };
		12F39EA01EBE0A4000A1B9E3 /* Info.plist */ = {isa = PBXFileReference; lastKnownFileType = text.plist.xml; path = Info.plist; sourceTree = "<group>"; };
		12F39EB31EBE14CC00A1B9E3 /* Global.h */ = {isa = PBXFileReference; lastKnownFileType = sourcecode.c.h; path = Global.h; sourceTree = "<group>"; };
		12F39EB81EBF5D2800A1B9E3 /* RegisterViewController.h */ = {isa = PBXFileReference; fileEncoding = 4; lastKnownFileType = sourcecode.c.h; path = RegisterViewController.h; sourceTree = "<group>"; };
		12F39EB91EBF5D2800A1B9E3 /* RegisterViewController.m */ = {isa = PBXFileReference; fileEncoding = 4; lastKnownFileType = sourcecode.c.objc; path = RegisterViewController.m; sourceTree = "<group>"; };
		12F39EBA1EBF5D2800A1B9E3 /* RegisterViewController.xib */ = {isa = PBXFileReference; fileEncoding = 4; lastKnownFileType = file.xib; path = RegisterViewController.xib; sourceTree = "<group>"; };
		182C51ED1EC54A850044FF5B /* UserLoginMessageModel.h */ = {isa = PBXFileReference; fileEncoding = 4; lastKnownFileType = sourcecode.c.h; path = UserLoginMessageModel.h; sourceTree = "<group>"; };
		182C51EE1EC54A850044FF5B /* UserLoginMessageModel.m */ = {isa = PBXFileReference; fileEncoding = 4; lastKnownFileType = sourcecode.c.objc; path = UserLoginMessageModel.m; sourceTree = "<group>"; };
		182C51F01EC58FF90044FF5B /* GloablConfig.h */ = {isa = PBXFileReference; fileEncoding = 4; lastKnownFileType = sourcecode.c.h; path = GloablConfig.h; sourceTree = "<group>"; };
		182C51F11EC58FF90044FF5B /* GloablConfig.m */ = {isa = PBXFileReference; fileEncoding = 4; lastKnownFileType = sourcecode.c.objc; path = GloablConfig.m; sourceTree = "<group>"; };
		182C51F31EC590350044FF5B /* Gloabl.h */ = {isa = PBXFileReference; fileEncoding = 4; lastKnownFileType = sourcecode.c.h; path = Gloabl.h; sourceTree = "<group>"; };
		182C51F41EC5906E0044FF5B /* DataModel.h */ = {isa = PBXFileReference; fileEncoding = 4; lastKnownFileType = sourcecode.c.h; path = DataModel.h; sourceTree = "<group>"; };
		182C51F51EC5906E0044FF5B /* DataModel.m */ = {isa = PBXFileReference; fileEncoding = 4; lastKnownFileType = sourcecode.c.objc; path = DataModel.m; sourceTree = "<group>"; };
		182C51F81EC5922A0044FF5B /* AESCrypt.h */ = {isa = PBXFileReference; fileEncoding = 4; lastKnownFileType = sourcecode.c.h; path = AESCrypt.h; sourceTree = "<group>"; };
		182C51F91EC5922A0044FF5B /* AESCrypt.m */ = {isa = PBXFileReference; fileEncoding = 4; lastKnownFileType = sourcecode.c.objc; path = AESCrypt.m; sourceTree = "<group>"; };
		182C51FA1EC5922A0044FF5B /* NSData+Base64.h */ = {isa = PBXFileReference; fileEncoding = 4; lastKnownFileType = sourcecode.c.h; path = "NSData+Base64.h"; sourceTree = "<group>"; };
		182C51FB1EC5922A0044FF5B /* NSData+Base64.m */ = {isa = PBXFileReference; fileEncoding = 4; lastKnownFileType = sourcecode.c.objc; path = "NSData+Base64.m"; sourceTree = "<group>"; };
		182C51FC1EC5922A0044FF5B /* NSData+CommonCrypto.h */ = {isa = PBXFileReference; fileEncoding = 4; lastKnownFileType = sourcecode.c.h; path = "NSData+CommonCrypto.h"; sourceTree = "<group>"; };
		182C51FD1EC5922A0044FF5B /* NSData+CommonCrypto.m */ = {isa = PBXFileReference; fileEncoding = 4; lastKnownFileType = sourcecode.c.objc; path = "NSData+CommonCrypto.m"; sourceTree = "<group>"; };
		182C51FE1EC5922A0044FF5B /* NSString+Base64.h */ = {isa = PBXFileReference; fileEncoding = 4; lastKnownFileType = sourcecode.c.h; path = "NSString+Base64.h"; sourceTree = "<group>"; };
		182C51FF1EC5922A0044FF5B /* NSString+Base64.m */ = {isa = PBXFileReference; fileEncoding = 4; lastKnownFileType = sourcecode.c.objc; path = "NSString+Base64.m"; sourceTree = "<group>"; };
		182C52051EC5A0CC0044FF5B /* MyGuanzZhuViewController.h */ = {isa = PBXFileReference; fileEncoding = 4; lastKnownFileType = sourcecode.c.h; path = MyGuanzZhuViewController.h; sourceTree = "<group>"; };
		182C52061EC5A0CC0044FF5B /* MyGuanzZhuViewController.m */ = {isa = PBXFileReference; fileEncoding = 4; lastKnownFileType = sourcecode.c.objc; path = MyGuanzZhuViewController.m; sourceTree = "<group>"; };
		182C52071EC5A0CC0044FF5B /* MyGuanzZhuViewController.xib */ = {isa = PBXFileReference; fileEncoding = 4; lastKnownFileType = file.xib; path = MyGuanzZhuViewController.xib; sourceTree = "<group>"; };
		182C520A1EC5A1020044FF5B /* MyShiMingViewController.h */ = {isa = PBXFileReference; fileEncoding = 4; lastKnownFileType = sourcecode.c.h; path = MyShiMingViewController.h; sourceTree = "<group>"; };
		182C520B1EC5A1020044FF5B /* MyShiMingViewController.m */ = {isa = PBXFileReference; fileEncoding = 4; lastKnownFileType = sourcecode.c.objc; path = MyShiMingViewController.m; sourceTree = "<group>"; };
		182C520C1EC5A1020044FF5B /* MyShiMingViewController.xib */ = {isa = PBXFileReference; fileEncoding = 4; lastKnownFileType = file.xib; path = MyShiMingViewController.xib; sourceTree = "<group>"; };
		182C520F1EC5A1190044FF5B /* MyQiyeRenZhengViewController.h */ = {isa = PBXFileReference; fileEncoding = 4; lastKnownFileType = sourcecode.c.h; path = MyQiyeRenZhengViewController.h; sourceTree = "<group>"; };
		182C52101EC5A1190044FF5B /* MyQiyeRenZhengViewController.m */ = {isa = PBXFileReference; fileEncoding = 4; lastKnownFileType = sourcecode.c.objc; path = MyQiyeRenZhengViewController.m; sourceTree = "<group>"; };
		182C52111EC5A1190044FF5B /* MyQiyeRenZhengViewController.xib */ = {isa = PBXFileReference; fileEncoding = 4; lastKnownFileType = file.xib; path = MyQiyeRenZhengViewController.xib; sourceTree = "<group>"; };
		182C52141EC5A3CF0044FF5B /* MyWalletViewController.h */ = {isa = PBXFileReference; fileEncoding = 4; lastKnownFileType = sourcecode.c.h; path = MyWalletViewController.h; sourceTree = "<group>"; };
		182C52151EC5A3CF0044FF5B /* MyWalletViewController.m */ = {isa = PBXFileReference; fileEncoding = 4; lastKnownFileType = sourcecode.c.objc; path = MyWalletViewController.m; sourceTree = "<group>"; };
		182C52161EC5A3CF0044FF5B /* MyWalletViewController.xib */ = {isa = PBXFileReference; fileEncoding = 4; lastKnownFileType = file.xib; path = MyWalletViewController.xib; sourceTree = "<group>"; };
		182C52191EC5A3EB0044FF5B /* MySafeViewController.h */ = {isa = PBXFileReference; fileEncoding = 4; lastKnownFileType = sourcecode.c.h; path = MySafeViewController.h; sourceTree = "<group>"; };
		182C521A1EC5A3EB0044FF5B /* MySafeViewController.m */ = {isa = PBXFileReference; fileEncoding = 4; lastKnownFileType = sourcecode.c.objc; path = MySafeViewController.m; sourceTree = "<group>"; };
		182C521B1EC5A3EB0044FF5B /* MySafeViewController.xib */ = {isa = PBXFileReference; fileEncoding = 4; lastKnownFileType = file.xib; path = MySafeViewController.xib; sourceTree = "<group>"; };
		182C521E1EC5A4040044FF5B /* MySetViewController.h */ = {isa = PBXFileReference; fileEncoding = 4; lastKnownFileType = sourcecode.c.h; path = MySetViewController.h; sourceTree = "<group>"; };
		182C521F1EC5A4040044FF5B /* MySetViewController.m */ = {isa = PBXFileReference; fileEncoding = 4; lastKnownFileType = sourcecode.c.objc; path = MySetViewController.m; sourceTree = "<group>"; };
		182C52201EC5A4040044FF5B /* MySetViewController.xib */ = {isa = PBXFileReference; fileEncoding = 4; lastKnownFileType = file.xib; path = MySetViewController.xib; sourceTree = "<group>"; };
		182C52251EC5AC070044FF5B /* GuanZhuListCell.h */ = {isa = PBXFileReference; fileEncoding = 4; lastKnownFileType = sourcecode.c.h; path = GuanZhuListCell.h; sourceTree = "<group>"; };
		182C52261EC5AC070044FF5B /* GuanZhuListCell.m */ = {isa = PBXFileReference; fileEncoding = 4; lastKnownFileType = sourcecode.c.objc; path = GuanZhuListCell.m; sourceTree = "<group>"; };
		182C52271EC5AC070044FF5B /* GuanZhuListCell.xib */ = {isa = PBXFileReference; fileEncoding = 4; lastKnownFileType = file.xib; path = GuanZhuListCell.xib; sourceTree = "<group>"; };
		184CCD301EC009BC00C46056 /* FirstPageViewController.h */ = {isa = PBXFileReference; fileEncoding = 4; lastKnownFileType = sourcecode.c.h; path = FirstPageViewController.h; sourceTree = "<group>"; };
		184CCD311EC009BC00C46056 /* FirstPageViewController.m */ = {isa = PBXFileReference; fileEncoding = 4; lastKnownFileType = sourcecode.c.objc; path = FirstPageViewController.m; sourceTree = "<group>"; };
		184CCD321EC009BC00C46056 /* FirstPageViewController.xib */ = {isa = PBXFileReference; fileEncoding = 4; lastKnownFileType = file.xib; path = FirstPageViewController.xib; sourceTree = "<group>"; };
		184CCD391EC00AA600C46056 /* InstructionViewController.h */ = {isa = PBXFileReference; fileEncoding = 4; lastKnownFileType = sourcecode.c.h; path = InstructionViewController.h; sourceTree = "<group>"; };
		184CCD3A1EC00AA600C46056 /* InstructionViewController.m */ = {isa = PBXFileReference; fileEncoding = 4; lastKnownFileType = sourcecode.c.objc; path = InstructionViewController.m; sourceTree = "<group>"; };
		184CCD3B1EC00AA600C46056 /* InstructionViewController.xib */ = {isa = PBXFileReference; fileEncoding = 4; lastKnownFileType = file.xib; path = InstructionViewController.xib; sourceTree = "<group>"; };
		184CCD3E1EC00ABC00C46056 /* LotsViewController.h */ = {isa = PBXFileReference; fileEncoding = 4; lastKnownFileType = sourcecode.c.h; path = LotsViewController.h; sourceTree = "<group>"; };
		184CCD3F1EC00ABC00C46056 /* LotsViewController.m */ = {isa = PBXFileReference; fileEncoding = 4; lastKnownFileType = sourcecode.c.objc; path = LotsViewController.m; sourceTree = "<group>"; };
		184CCD401EC00ABC00C46056 /* LotsViewController.xib */ = {isa = PBXFileReference; fileEncoding = 4; lastKnownFileType = file.xib; path = LotsViewController.xib; sourceTree = "<group>"; };
		184CCD431EC00ACA00C46056 /* MineViewController.h */ = {isa = PBXFileReference; fileEncoding = 4; lastKnownFileType = sourcecode.c.h; path = MineViewController.h; sourceTree = "<group>"; };
		184CCD441EC00ACA00C46056 /* MineViewController.m */ = {isa = PBXFileReference; fileEncoding = 4; lastKnownFileType = sourcecode.c.objc; path = MineViewController.m; sourceTree = "<group>"; };
		184CCD451EC00ACA00C46056 /* MineViewController.xib */ = {isa = PBXFileReference; fileEncoding = 4; lastKnownFileType = file.xib; path = MineViewController.xib; sourceTree = "<group>"; };
		184CCD4F1EC00CCC00C46056 /* IPaiNavigationController.h */ = {isa = PBXFileReference; fileEncoding = 4; lastKnownFileType = sourcecode.c.h; path = IPaiNavigationController.h; sourceTree = "<group>"; };
		184CCD501EC00CCC00C46056 /* IPaiNavigationController.m */ = {isa = PBXFileReference; fileEncoding = 4; lastKnownFileType = sourcecode.c.objc; path = IPaiNavigationController.m; sourceTree = "<group>"; };
		184CCD521EC00D0400C46056 /* IpaiTabBarController.h */ = {isa = PBXFileReference; fileEncoding = 4; lastKnownFileType = sourcecode.c.h; path = IpaiTabBarController.h; sourceTree = "<group>"; };
		184CCD531EC00D0400C46056 /* IpaiTabBarController.m */ = {isa = PBXFileReference; fileEncoding = 4; lastKnownFileType = sourcecode.c.objc; path = IpaiTabBarController.m; sourceTree = "<group>"; };
		184CCD571EC00F3500C46056 /* icon_explain-B@2x.png */ = {isa = PBXFileReference; lastKnownFileType = image.png; path = "icon_explain-B@2x.png"; sourceTree = "<group>"; };
		184CCD581EC00F3500C46056 /* icon_explain-B@3x.png */ = {isa = PBXFileReference; lastKnownFileType = image.png; path = "icon_explain-B@3x.png"; sourceTree = "<group>"; };
		184CCD591EC00F3500C46056 /* icon_explain-G@2x.png */ = {isa = PBXFileReference; lastKnownFileType = image.png; path = "icon_explain-G@2x.png"; sourceTree = "<group>"; };
		184CCD5A1EC00F3500C46056 /* icon_explain-G@3x.png */ = {isa = PBXFileReference; lastKnownFileType = image.png; path = "icon_explain-G@3x.png"; sourceTree = "<group>"; };
		184CCD5B1EC00F3500C46056 /* icon_hammer-B@2x.png */ = {isa = PBXFileReference; lastKnownFileType = image.png; path = "icon_hammer-B@2x.png"; sourceTree = "<group>"; };
		184CCD5C1EC00F3500C46056 /* icon_hammer-B@3x.png */ = {isa = PBXFileReference; lastKnownFileType = image.png; path = "icon_hammer-B@3x.png"; sourceTree = "<group>"; };
		184CCD5D1EC00F3500C46056 /* icon_hammer-G@2x.png */ = {isa = PBXFileReference; lastKnownFileType = image.png; path = "icon_hammer-G@2x.png"; sourceTree = "<group>"; };
		184CCD5E1EC00F3500C46056 /* icon_hammer-G@3x.png */ = {isa = PBXFileReference; lastKnownFileType = image.png; path = "icon_hammer-G@3x.png"; sourceTree = "<group>"; };
		184CCD5F1EC00F3500C46056 /* icon_main-B@2x.png */ = {isa = PBXFileReference; lastKnownFileType = image.png; path = "icon_main-B@2x.png"; sourceTree = "<group>"; };
		184CCD601EC00F3500C46056 /* icon_main-B@3x.png */ = {isa = PBXFileReference; lastKnownFileType = image.png; path = "icon_main-B@3x.png"; sourceTree = "<group>"; };
		184CCD611EC00F3500C46056 /* icon_main-G@2x.png */ = {isa = PBXFileReference; lastKnownFileType = image.png; path = "icon_main-G@2x.png"; sourceTree = "<group>"; };
		184CCD621EC00F3500C46056 /* icon_main-G@3x.png */ = {isa = PBXFileReference; lastKnownFileType = image.png; path = "icon_main-G@3x.png"; sourceTree = "<group>"; };
		184CCD631EC00F3500C46056 /* icon_my-B@2x.png */ = {isa = PBXFileReference; lastKnownFileType = image.png; path = "icon_my-B@2x.png"; sourceTree = "<group>"; };
		184CCD641EC00F3500C46056 /* icon_my-B@3x.png */ = {isa = PBXFileReference; lastKnownFileType = image.png; path = "icon_my-B@3x.png"; sourceTree = "<group>"; };
		184CCD651EC00F3500C46056 /* icon_my-G@2x.png */ = {isa = PBXFileReference; lastKnownFileType = image.png; path = "icon_my-G@2x.png"; sourceTree = "<group>"; };
		184CCD661EC00F3500C46056 /* icon_my-G@3x.png */ = {isa = PBXFileReference; lastKnownFileType = image.png; path = "icon_my-G@3x.png"; sourceTree = "<group>"; };
		184CCD791EC045DA00C46056 /* LoginViewController.m */ = {isa = PBXFileReference; fileEncoding = 4; lastKnownFileType = sourcecode.c.objc; path = LoginViewController.m; sourceTree = "<group>"; };
		184CCD7A1EC045DA00C46056 /* LoginViewController.xib */ = {isa = PBXFileReference; fileEncoding = 4; lastKnownFileType = file.xib; path = LoginViewController.xib; sourceTree = "<group>"; };
		184CCD801EC046A100C46056 /* 登录页@3x.png */ = {isa = PBXFileReference; lastKnownFileType = image.png; path = "登录页@3x.png"; sourceTree = "<group>"; };
		184CCD811EC046A100C46056 /* 头像.jpg */ = {isa = PBXFileReference; lastKnownFileType = image.jpeg; path = "头像.jpg"; sourceTree = "<group>"; };
		184CCD821EC046A100C46056 /* 未标题-1.jpg */ = {isa = PBXFileReference; lastKnownFileType = image.jpeg; path = "未标题-1.jpg"; sourceTree = "<group>"; };
		184CCD831EC046A100C46056 /* 主页默认图.jpg */ = {isa = PBXFileReference; lastKnownFileType = image.jpeg; path = "主页默认图.jpg"; sourceTree = "<group>"; };
		184CCD841EC046A100C46056 /* 注册页@3x.png */ = {isa = PBXFileReference; lastKnownFileType = image.png; path = "注册页@3x.png"; sourceTree = "<group>"; };
		184CCD8B1EC049F000C46056 /* icon_return_g@2x.png */ = {isa = PBXFileReference; lastKnownFileType = image.png; path = "icon_return_g@2x.png"; sourceTree = "<group>"; };
		184CCD8D1EC049FA00C46056 /* icon_return_g@3x.png */ = {isa = PBXFileReference; lastKnownFileType = image.png; path = "icon_return_g@3x.png"; sourceTree = "<group>"; };
		184CCD8F1EC05CED00C46056 /* icon_return_w@2x.png */ = {isa = PBXFileReference; lastKnownFileType = image.png; path = "icon_return_w@2x.png"; sourceTree = "<group>"; };
		184CCD901EC05CED00C46056 /* icon_return_w@3x.png */ = {isa = PBXFileReference; lastKnownFileType = image.png; path = "icon_return_w@3x.png"; sourceTree = "<group>"; };
		184CCD931EC0715100C46056 /* ChangePwdViewController.h */ = {isa = PBXFileReference; fileEncoding = 4; lastKnownFileType = sourcecode.c.h; path = ChangePwdViewController.h; sourceTree = "<group>"; };
		184CCD941EC0715100C46056 /* ChangePwdViewController.m */ = {isa = PBXFileReference; fileEncoding = 4; lastKnownFileType = sourcecode.c.objc; path = ChangePwdViewController.m; sourceTree = "<group>"; };
		184CCD951EC0715100C46056 /* ChangePwdViewController.xib */ = {isa = PBXFileReference; fileEncoding = 4; lastKnownFileType = file.xib; path = ChangePwdViewController.xib; sourceTree = "<group>"; };
		184CCD9C1EC15F7D00C46056 /* ByMailViewController.h */ = {isa = PBXFileReference; fileEncoding = 4; lastKnownFileType = sourcecode.c.h; path = ByMailViewController.h; sourceTree = "<group>"; };
		184CCD9D1EC15F7D00C46056 /* ByMailViewController.m */ = {isa = PBXFileReference; fileEncoding = 4; lastKnownFileType = sourcecode.c.objc; path = ByMailViewController.m; sourceTree = "<group>"; };
		184CCD9E1EC15F7D00C46056 /* ByMailViewController.xib */ = {isa = PBXFileReference; fileEncoding = 4; lastKnownFileType = file.xib; path = ByMailViewController.xib; sourceTree = "<group>"; };
		1872CC271EC1749C003095B9 /* LoginViewController.h */ = {isa = PBXFileReference; lastKnownFileType = sourcecode.c.h; path = LoginViewController.h; sourceTree = "<group>"; };
		1872CC471EC18F08003095B9 /* FGGAutoScrollView.h */ = {isa = PBXFileReference; lastKnownFileType = sourcecode.c.h; path = FGGAutoScrollView.h; sourceTree = "<group>"; };
		1872CC481EC18F18003095B9 /* FGGAutoScrollView.m */ = {isa = PBXFileReference; fileEncoding = 4; lastKnownFileType = sourcecode.c.objc; path = FGGAutoScrollView.m; sourceTree = "<group>"; };
		1872CCD41EC19E9A003095B9 /* MapKit.framework */ = {isa = PBXFileReference; lastKnownFileType = wrapper.framework; name = MapKit.framework; path = System/Library/Frameworks/MapKit.framework; sourceTree = SDKROOT; };
		1872CCD61EC19EA4003095B9 /* ImageIO.framework */ = {isa = PBXFileReference; lastKnownFileType = wrapper.framework; name = ImageIO.framework; path = System/Library/Frameworks/ImageIO.framework; sourceTree = SDKROOT; };
		1872CCD81EC1A27F003095B9 /* PaiMaiViewCell.h */ = {isa = PBXFileReference; fileEncoding = 4; lastKnownFileType = sourcecode.c.h; path = PaiMaiViewCell.h; sourceTree = "<group>"; };
		1872CCD91EC1A27F003095B9 /* PaiMaiViewCell.m */ = {isa = PBXFileReference; fileEncoding = 4; lastKnownFileType = sourcecode.c.objc; path = PaiMaiViewCell.m; sourceTree = "<group>"; };
		1872CCDA1EC1A27F003095B9 /* PaiMaiViewCell.xib */ = {isa = PBXFileReference; fileEncoding = 4; lastKnownFileType = file.xib; path = PaiMaiViewCell.xib; sourceTree = "<group>"; };
		1872CCDF1EC1AFA1003095B9 /* icon_goin-G@2x.png */ = {isa = PBXFileReference; lastKnownFileType = image.png; path = "icon_goin-G@2x.png"; sourceTree = "<group>"; };
		1872CCE01EC1AFA1003095B9 /* icon_goin-G@3x.png */ = {isa = PBXFileReference; lastKnownFileType = image.png; path = "icon_goin-G@3x.png"; sourceTree = "<group>"; };
		1872CCE11EC1AFA1003095B9 /* icon_goin-W@2x.png */ = {isa = PBXFileReference; lastKnownFileType = image.png; path = "icon_goin-W@2x.png"; sourceTree = "<group>"; };
		1872CCE21EC1AFA1003095B9 /* icon_goin-W@3x.png */ = {isa = PBXFileReference; lastKnownFileType = image.png; path = "icon_goin-W@3x.png"; sourceTree = "<group>"; };
		1872CCE31EC1AFA1003095B9 /* icon_my_anchor@2x.png */ = {isa = PBXFileReference; lastKnownFileType = image.png; path = "icon_my_anchor@2x.png"; sourceTree = "<group>"; };
		1872CCE41EC1AFA1003095B9 /* icon_my_anchor@3x.png */ = {isa = PBXFileReference; lastKnownFileType = image.png; path = "icon_my_anchor@3x.png"; sourceTree = "<group>"; };
		1872CCE51EC1AFA1003095B9 /* icon_my_attention@2x.png */ = {isa = PBXFileReference; lastKnownFileType = image.png; path = "icon_my_attention@2x.png"; sourceTree = "<group>"; };
		1872CCE61EC1AFA1003095B9 /* icon_my_attention@3x.png */ = {isa = PBXFileReference; lastKnownFileType = image.png; path = "icon_my_attention@3x.png"; sourceTree = "<group>"; };
		1872CCE71EC1AFA1003095B9 /* icon_my_earnings@2x.png */ = {isa = PBXFileReference; lastKnownFileType = image.png; path = "icon_my_earnings@2x.png"; sourceTree = "<group>"; };
		1872CCE81EC1AFA1003095B9 /* icon_my_earnings@3x.png */ = {isa = PBXFileReference; lastKnownFileType = image.png; path = "icon_my_earnings@3x.png"; sourceTree = "<group>"; };
		1872CCE91EC1AFA1003095B9 /* icon_my_enterprise-certification@2x.png */ = {isa = PBXFileReference; lastKnownFileType = image.png; path = "icon_my_enterprise-certification@2x.png"; sourceTree = "<group>"; };
		1872CCEA1EC1AFA1003095B9 /* icon_my_enterprise-certification@3x.png */ = {isa = PBXFileReference; lastKnownFileType = image.png; path = "icon_my_enterprise-certification@3x.png"; sourceTree = "<group>"; };
		1872CCEB1EC1AFA1003095B9 /* icon_my_fans@2x.png */ = {isa = PBXFileReference; lastKnownFileType = image.png; path = "icon_my_fans@2x.png"; sourceTree = "<group>"; };
		1872CCEC1EC1AFA1003095B9 /* icon_my_fans@3x.png */ = {isa = PBXFileReference; lastKnownFileType = image.png; path = "icon_my_fans@3x.png"; sourceTree = "<group>"; };
		1872CCED1EC1AFA1003095B9 /* icon_my_personal-certificate@2x.png */ = {isa = PBXFileReference; lastKnownFileType = image.png; path = "icon_my_personal-certificate@2x.png"; sourceTree = "<group>"; };
		1872CCEE1EC1AFA1003095B9 /* icon_my_personal-certificate@3x.png */ = {isa = PBXFileReference; lastKnownFileType = image.png; path = "icon_my_personal-certificate@3x.png"; sourceTree = "<group>"; };
		1872CCEF1EC1AFA1003095B9 /* icon_my_safety@2x.png */ = {isa = PBXFileReference; lastKnownFileType = image.png; path = "icon_my_safety@2x.png"; sourceTree = "<group>"; };
		1872CCF01EC1AFA1003095B9 /* icon_my_safety@3x.png */ = {isa = PBXFileReference; lastKnownFileType = image.png; path = "icon_my_safety@3x.png"; sourceTree = "<group>"; };
		1872CCF11EC1AFA1003095B9 /* icon_my_set@2x.png */ = {isa = PBXFileReference; lastKnownFileType = image.png; path = "icon_my_set@2x.png"; sourceTree = "<group>"; };
		1872CCF21EC1AFA1003095B9 /* icon_my_set@3x.png */ = {isa = PBXFileReference; lastKnownFileType = image.png; path = "icon_my_set@3x.png"; sourceTree = "<group>"; };
		1872CCF31EC1AFA1003095B9 /* icon_my_wallet@2x.png */ = {isa = PBXFileReference; lastKnownFileType = image.png; path = "icon_my_wallet@2x.png"; sourceTree = "<group>"; };
		1872CCF41EC1AFA1003095B9 /* icon_my_wallet@3x.png */ = {isa = PBXFileReference; lastKnownFileType = image.png; path = "icon_my_wallet@3x.png"; sourceTree = "<group>"; };
		1872CEBC1EC3F740003095B9 /* NetWorkingTool.h */ = {isa = PBXFileReference; fileEncoding = 4; lastKnownFileType = sourcecode.c.h; path = NetWorkingTool.h; sourceTree = "<group>"; };
		1872CEBD1EC3F740003095B9 /* NetWorkingTool.m */ = {isa = PBXFileReference; fileEncoding = 4; lastKnownFileType = sourcecode.c.objc; path = NetWorkingTool.m; sourceTree = "<group>"; };
		1872CEBF1EC401A3003095B9 /* LCMD5Tool.h */ = {isa = PBXFileReference; fileEncoding = 4; lastKnownFileType = sourcecode.c.h; path = LCMD5Tool.h; sourceTree = "<group>"; };
		1872CEC01EC401A3003095B9 /* LCMD5Tool.m */ = {isa = PBXFileReference; fileEncoding = 4; lastKnownFileType = sourcecode.c.objc; path = LCMD5Tool.m; sourceTree = "<group>"; };
		1872CEC41EC44B35003095B9 /* UserInfoModel.h */ = {isa = PBXFileReference; fileEncoding = 4; lastKnownFileType = sourcecode.c.h; path = UserInfoModel.h; sourceTree = "<group>"; };
		1872CEC51EC44B35003095B9 /* UserInfoModel.m */ = {isa = PBXFileReference; fileEncoding = 4; lastKnownFileType = sourcecode.c.objc; path = UserInfoModel.m; sourceTree = "<group>"; };
		1872CEC71EC45E07003095B9 /* UserInfoViewController.h */ = {isa = PBXFileReference; fileEncoding = 4; lastKnownFileType = sourcecode.c.h; path = UserInfoViewController.h; sourceTree = "<group>"; };
		1872CEC81EC45E07003095B9 /* UserInfoViewController.m */ = {isa = PBXFileReference; fileEncoding = 4; lastKnownFileType = sourcecode.c.objc; path = UserInfoViewController.m; sourceTree = "<group>"; };
		1872CEC91EC45E07003095B9 /* UserInfoViewController.xib */ = {isa = PBXFileReference; fileEncoding = 4; lastKnownFileType = file.xib; path = UserInfoViewController.xib; sourceTree = "<group>"; };
		18E2714E1EC8668C00B05255 /* IPaiPch.pch */ = {isa = PBXFileReference; lastKnownFileType = sourcecode.c.h; path = IPaiPch.pch; sourceTree = "<group>"; };
		1FFFDE0672142C5223917B5D /* Pods-IPaiDirectSeeding.release.xcconfig */ = {isa = PBXFileReference; includeInIndex = 1; lastKnownFileType = text.xcconfig; name = "Pods-IPaiDirectSeeding.release.xcconfig"; path = "Pods/Target Support Files/Pods-IPaiDirectSeeding/Pods-IPaiDirectSeeding.release.xcconfig"; sourceTree = "<group>"; };
		B816B121AA42500989261164 /* libPods-IPaiDirectSeeding.a */ = {isa = PBXFileReference; explicitFileType = archive.ar; includeInIndex = 0; path = "libPods-IPaiDirectSeeding.a"; sourceTree = BUILT_PRODUCTS_DIR; };
		E37245261D20462BF66375F2 /* Pods-IPaiDirectSeeding.debug.xcconfig */ = {isa = PBXFileReference; includeInIndex = 1; lastKnownFileType = text.xcconfig; name = "Pods-IPaiDirectSeeding.debug.xcconfig"; path = "Pods/Target Support Files/Pods-IPaiDirectSeeding/Pods-IPaiDirectSeeding.debug.xcconfig"; sourceTree = "<group>"; };
/* End PBXFileReference section */

/* Begin PBXFrameworksBuildPhase section */
		12F39E731EBE0A3F00A1B9E3 /* Frameworks */ = {
			isa = PBXFrameworksBuildPhase;
			buildActionMask = 2147483647;
			files = (
				1872CCD71EC19EA4003095B9 /* ImageIO.framework in Frameworks */,
				1872CCD51EC19E9A003095B9 /* MapKit.framework in Frameworks */,
				635FA9F89CF25E81AE74B905 /* libPods-IPaiDirectSeeding.a in Frameworks */,
			);
			runOnlyForDeploymentPostprocessing = 0;
		};
		12F39E8C1EBE0A3F00A1B9E3 /* Frameworks */ = {
			isa = PBXFrameworksBuildPhase;
			buildActionMask = 2147483647;
			files = (
			);
			runOnlyForDeploymentPostprocessing = 0;
		};
		12F39E971EBE0A4000A1B9E3 /* Frameworks */ = {
			isa = PBXFrameworksBuildPhase;
			buildActionMask = 2147483647;
			files = (
			);
			runOnlyForDeploymentPostprocessing = 0;
		};
/* End PBXFrameworksBuildPhase section */

/* Begin PBXGroup section */
		12F39E6D1EBE0A3F00A1B9E3 = {
			isa = PBXGroup;
			children = (
				12F39E781EBE0A3F00A1B9E3 /* IPaiDirectSeeding */,
				12F39E921EBE0A3F00A1B9E3 /* IPaiDirectSeedingTests */,
				12F39E9D1EBE0A4000A1B9E3 /* IPaiDirectSeedingUITests */,
				12F39E771EBE0A3F00A1B9E3 /* Products */,
				1872CCD31EC19E99003095B9 /* Frameworks */,
				DB93613B63ED64CCE7B71E46 /* Pods */,
			);
			sourceTree = "<group>";
		};
		12F39E771EBE0A3F00A1B9E3 /* Products */ = {
			isa = PBXGroup;
			children = (
				12F39E761EBE0A3F00A1B9E3 /* IPaiDirectSeeding.app */,
				12F39E8F1EBE0A3F00A1B9E3 /* IPaiDirectSeedingTests.xctest */,
				12F39E9A1EBE0A4000A1B9E3 /* IPaiDirectSeedingUITests.xctest */,
			);
			name = Products;
			sourceTree = "<group>";
		};
		12F39E781EBE0A3F00A1B9E3 /* IPaiDirectSeeding */ = {
			isa = PBXGroup;
			children = (
				184CCDA11EC165D200C46056 /* OtherUtilitis */,
				184CCD551EC00EFA00C46056 /* Resource */,
				184CCD481EC00BE300C46056 /* Others */,
				12F39E7C1EBE0A3F00A1B9E3 /* AppDelegate.h */,
				12F39E7D1EBE0A3F00A1B9E3 /* AppDelegate.m */,
				18E2714E1EC8668C00B05255 /* IPaiPch.pch */,
				12F39E821EBE0A3F00A1B9E3 /* Main.storyboard */,
				184CCD981EC14BA400C46056 /* MyClasses */,
				184CCD351EC009C700C46056 /* FirstPage */,
				184CCD361EC00A1500C46056 /* InstructionPage */,
				184CCD371EC00A2600C46056 /* LotsPage */,
				184CCD381EC00A8100C46056 /* MyPage */,
				184CCD2F1EC008B200C46056 /* Main */,
				12F39EB11EBE141400A1B9E3 /* Global */,
				12F39EB41EBF57D700A1B9E3 /* Register */,
				12F39EAC1EBE0BD500A1B9E3 /* Login */,
				12F39E851EBE0A3F00A1B9E3 /* Assets.xcassets */,
				12F39E871EBE0A3F00A1B9E3 /* LaunchScreen.storyboard */,
				12F39E8A1EBE0A3F00A1B9E3 /* Info.plist */,
				12F39E791EBE0A3F00A1B9E3 /* Supporting Files */,
			);
			path = IPaiDirectSeeding;
			sourceTree = "<group>";
		};
		12F39E791EBE0A3F00A1B9E3 /* Supporting Files */ = {
			isa = PBXGroup;
			children = (
				12F39E7A1EBE0A3F00A1B9E3 /* main.m */,
			);
			name = "Supporting Files";
			sourceTree = "<group>";
		};
		12F39E921EBE0A3F00A1B9E3 /* IPaiDirectSeedingTests */ = {
			isa = PBXGroup;
			children = (
				12F39E931EBE0A3F00A1B9E3 /* IPaiDirectSeedingTests.m */,
				12F39E951EBE0A4000A1B9E3 /* Info.plist */,
			);
			path = IPaiDirectSeedingTests;
			sourceTree = "<group>";
		};
		12F39E9D1EBE0A4000A1B9E3 /* IPaiDirectSeedingUITests */ = {
			isa = PBXGroup;
			children = (
				12F39E9E1EBE0A4000A1B9E3 /* IPaiDirectSeedingUITests.m */,
				12F39EA01EBE0A4000A1B9E3 /* Info.plist */,
			);
			path = IPaiDirectSeedingUITests;
			sourceTree = "<group>";
		};
		12F39EAC1EBE0BD500A1B9E3 /* Login */ = {
			isa = PBXGroup;
			children = (
				1872CEB81EC3EBD5003095B9 /* Model */,
				12F39EAD1EBE0C0B00A1B9E3 /* Controller */,
			);
			name = Login;
			sourceTree = "<group>";
		};
		12F39EAD1EBE0C0B00A1B9E3 /* Controller */ = {
			isa = PBXGroup;
			children = (
				1872CC271EC1749C003095B9 /* LoginViewController.h */,
				184CCD791EC045DA00C46056 /* LoginViewController.m */,
				184CCD7A1EC045DA00C46056 /* LoginViewController.xib */,
				184CCD931EC0715100C46056 /* ChangePwdViewController.h */,
				184CCD941EC0715100C46056 /* ChangePwdViewController.m */,
				184CCD951EC0715100C46056 /* ChangePwdViewController.xib */,
				184CCD9C1EC15F7D00C46056 /* ByMailViewController.h */,
				184CCD9D1EC15F7D00C46056 /* ByMailViewController.m */,
				184CCD9E1EC15F7D00C46056 /* ByMailViewController.xib */,
			);
			name = Controller;
			sourceTree = "<group>";
		};
		12F39EB11EBE141400A1B9E3 /* Global */ = {
			isa = PBXGroup;
			children = (
				182C51F41EC5906E0044FF5B /* DataModel.h */,
				182C51F51EC5906E0044FF5B /* DataModel.m */,
				182C51F31EC590350044FF5B /* Gloabl.h */,
				182C51F01EC58FF90044FF5B /* GloablConfig.h */,
				182C51F11EC58FF90044FF5B /* GloablConfig.m */,
				12F39EB31EBE14CC00A1B9E3 /* Global.h */,
			);
			name = Global;
			sourceTree = "<group>";
		};
		12F39EB41EBF57D700A1B9E3 /* Register */ = {
			isa = PBXGroup;
			children = (
				1872CEC31EC449EB003095B9 /* Model */,
				1872CEC21EC449D0003095B9 /* Controller */,
			);
			name = Register;
			sourceTree = "<group>";
		};
		182C51F71EC5922A0044FF5B /* AESCrypy */ = {
			isa = PBXGroup;
			children = (
				182C51F81EC5922A0044FF5B /* AESCrypt.h */,
				182C51F91EC5922A0044FF5B /* AESCrypt.m */,
				182C51FA1EC5922A0044FF5B /* NSData+Base64.h */,
				182C51FB1EC5922A0044FF5B /* NSData+Base64.m */,
				182C51FC1EC5922A0044FF5B /* NSData+CommonCrypto.h */,
				182C51FD1EC5922A0044FF5B /* NSData+CommonCrypto.m */,
				182C51FE1EC5922A0044FF5B /* NSString+Base64.h */,
				182C51FF1EC5922A0044FF5B /* NSString+Base64.m */,
			);
			path = AESCrypy;
			sourceTree = "<group>";
		};
		182C52041EC5A0790044FF5B /* NextController */ = {
			isa = PBXGroup;
			children = (
				182C52051EC5A0CC0044FF5B /* MyGuanzZhuViewController.h */,
				182C52061EC5A0CC0044FF5B /* MyGuanzZhuViewController.m */,
				182C52071EC5A0CC0044FF5B /* MyGuanzZhuViewController.xib */,
				182C520A1EC5A1020044FF5B /* MyShiMingViewController.h */,
				182C520B1EC5A1020044FF5B /* MyShiMingViewController.m */,
				182C520C1EC5A1020044FF5B /* MyShiMingViewController.xib */,
				182C520F1EC5A1190044FF5B /* MyQiyeRenZhengViewController.h */,
				182C52101EC5A1190044FF5B /* MyQiyeRenZhengViewController.m */,
				182C52111EC5A1190044FF5B /* MyQiyeRenZhengViewController.xib */,
				182C52141EC5A3CF0044FF5B /* MyWalletViewController.h */,
				182C52151EC5A3CF0044FF5B /* MyWalletViewController.m */,
				182C52161EC5A3CF0044FF5B /* MyWalletViewController.xib */,
				182C52191EC5A3EB0044FF5B /* MySafeViewController.h */,
				182C521A1EC5A3EB0044FF5B /* MySafeViewController.m */,
				182C521B1EC5A3EB0044FF5B /* MySafeViewController.xib */,
				182C521E1EC5A4040044FF5B /* MySetViewController.h */,
				182C521F1EC5A4040044FF5B /* MySetViewController.m */,
				182C52201EC5A4040044FF5B /* MySetViewController.xib */,
			);
			name = NextController;
			sourceTree = "<group>";
		};
		182C52231EC5ABAF0044FF5B /* Controller */ = {
			isa = PBXGroup;
			children = (
				184CCD431EC00ACA00C46056 /* MineViewController.h */,
				184CCD441EC00ACA00C46056 /* MineViewController.m */,
				184CCD451EC00ACA00C46056 /* MineViewController.xib */,
				1872CEC71EC45E07003095B9 /* UserInfoViewController.h */,
				1872CEC81EC45E07003095B9 /* UserInfoViewController.m */,
				1872CEC91EC45E07003095B9 /* UserInfoViewController.xib */,
			);
			name = Controller;
			sourceTree = "<group>";
		};
		182C52241EC5ABCE0044FF5B /* View */ = {
			isa = PBXGroup;
			children = (
				182C52251EC5AC070044FF5B /* GuanZhuListCell.h */,
				182C52261EC5AC070044FF5B /* GuanZhuListCell.m */,
				182C52271EC5AC070044FF5B /* GuanZhuListCell.xib */,
			);
			name = View;
			sourceTree = "<group>";
		};
		184CCD2F1EC008B200C46056 /* Main */ = {
			isa = PBXGroup;
			children = (
				184CCD4B1EC00C3600C46056 /* View */,
				184CCD4A1EC00C2500C46056 /* Model */,
				184CCD491EC00C1800C46056 /* Controller */,
			);
			name = Main;
			sourceTree = "<group>";
		};
		184CCD351EC009C700C46056 /* FirstPage */ = {
			isa = PBXGroup;
			children = (
				1872CCDD1EC1A288003095B9 /* FistPageCell */,
				184CCD301EC009BC00C46056 /* FirstPageViewController.h */,
				184CCD311EC009BC00C46056 /* FirstPageViewController.m */,
				184CCD321EC009BC00C46056 /* FirstPageViewController.xib */,
			);
			name = FirstPage;
			sourceTree = "<group>";
		};
		184CCD361EC00A1500C46056 /* InstructionPage */ = {
			isa = PBXGroup;
			children = (
				184CCD391EC00AA600C46056 /* InstructionViewController.h */,
				184CCD3A1EC00AA600C46056 /* InstructionViewController.m */,
				184CCD3B1EC00AA600C46056 /* InstructionViewController.xib */,
			);
			name = InstructionPage;
			sourceTree = "<group>";
		};
		184CCD371EC00A2600C46056 /* LotsPage */ = {
			isa = PBXGroup;
			children = (
				184CCD3E1EC00ABC00C46056 /* LotsViewController.h */,
				184CCD3F1EC00ABC00C46056 /* LotsViewController.m */,
				184CCD401EC00ABC00C46056 /* LotsViewController.xib */,
			);
			name = LotsPage;
			sourceTree = "<group>";
		};
		184CCD381EC00A8100C46056 /* MyPage */ = {
			isa = PBXGroup;
			children = (
				182C52241EC5ABCE0044FF5B /* View */,
				182C52231EC5ABAF0044FF5B /* Controller */,
				182C52041EC5A0790044FF5B /* NextController */,
			);
			name = MyPage;
			sourceTree = "<group>";
		};
		184CCD481EC00BE300C46056 /* Others */ = {
			isa = PBXGroup;
			children = (
			);
			name = Others;
			sourceTree = "<group>";
		};
		184CCD491EC00C1800C46056 /* Controller */ = {
			isa = PBXGroup;
			children = (
				184CCD4F1EC00CCC00C46056 /* IPaiNavigationController.h */,
				184CCD501EC00CCC00C46056 /* IPaiNavigationController.m */,
				184CCD521EC00D0400C46056 /* IpaiTabBarController.h */,
				184CCD531EC00D0400C46056 /* IpaiTabBarController.m */,
			);
			name = Controller;
			sourceTree = "<group>";
		};
		184CCD4A1EC00C2500C46056 /* Model */ = {
			isa = PBXGroup;
			children = (
			);
			name = Model;
			sourceTree = "<group>";
		};
		184CCD4B1EC00C3600C46056 /* View */ = {
			isa = PBXGroup;
			children = (
			);
			name = View;
			sourceTree = "<group>";
		};
		184CCD551EC00EFA00C46056 /* Resource */ = {
			isa = PBXGroup;
			children = (
				1872CCDE1EC1AFA1003095B9 /* 我的 */,
				184CCD8A1EC049C700C46056 /* 小图标 */,
				184CCD7F1EC0467F00C46056 /* backImage */,
				184CCD561EC00F0600C46056 /* TabBarImage */,
			);
			name = Resource;
			sourceTree = "<group>";
		};
		184CCD561EC00F0600C46056 /* TabBarImage */ = {
			isa = PBXGroup;
			children = (
				184CCD571EC00F3500C46056 /* icon_explain-B@2x.png */,
				184CCD581EC00F3500C46056 /* icon_explain-B@3x.png */,
				184CCD591EC00F3500C46056 /* icon_explain-G@2x.png */,
				184CCD5A1EC00F3500C46056 /* icon_explain-G@3x.png */,
				184CCD5B1EC00F3500C46056 /* icon_hammer-B@2x.png */,
				184CCD5C1EC00F3500C46056 /* icon_hammer-B@3x.png */,
				184CCD5D1EC00F3500C46056 /* icon_hammer-G@2x.png */,
				184CCD5E1EC00F3500C46056 /* icon_hammer-G@3x.png */,
				184CCD5F1EC00F3500C46056 /* icon_main-B@2x.png */,
				184CCD601EC00F3500C46056 /* icon_main-B@3x.png */,
				184CCD611EC00F3500C46056 /* icon_main-G@2x.png */,
				184CCD621EC00F3500C46056 /* icon_main-G@3x.png */,
				184CCD631EC00F3500C46056 /* icon_my-B@2x.png */,
				184CCD641EC00F3500C46056 /* icon_my-B@3x.png */,
				184CCD651EC00F3500C46056 /* icon_my-G@2x.png */,
				184CCD661EC00F3500C46056 /* icon_my-G@3x.png */,
			);
			name = TabBarImage;
			sourceTree = "<group>";
		};
		184CCD7F1EC0467F00C46056 /* backImage */ = {
			isa = PBXGroup;
			children = (
				184CCD801EC046A100C46056 /* 登录页@3x.png */,
				184CCD811EC046A100C46056 /* 头像.jpg */,
				184CCD821EC046A100C46056 /* 未标题-1.jpg */,
				184CCD831EC046A100C46056 /* 主页默认图.jpg */,
				184CCD841EC046A100C46056 /* 注册页@3x.png */,
			);
			name = backImage;
			sourceTree = "<group>";
		};
		184CCD8A1EC049C700C46056 /* 小图标 */ = {
			isa = PBXGroup;
			children = (
				184CCD8F1EC05CED00C46056 /* icon_return_w@2x.png */,
				184CCD901EC05CED00C46056 /* icon_return_w@3x.png */,
				184CCD8D1EC049FA00C46056 /* icon_return_g@3x.png */,
				184CCD8B1EC049F000C46056 /* icon_return_g@2x.png */,
			);
			name = "小图标";
			sourceTree = "<group>";
		};
		184CCD981EC14BA400C46056 /* MyClasses */ = {
			isa = PBXGroup;
			children = (
				1872CEBC1EC3F740003095B9 /* NetWorkingTool.h */,
				1872CEBD1EC3F740003095B9 /* NetWorkingTool.m */,
				1872CC471EC18F08003095B9 /* FGGAutoScrollView.h */,
				1872CC481EC18F18003095B9 /* FGGAutoScrollView.m */,
				1872CEBF1EC401A3003095B9 /* LCMD5Tool.h */,
				1872CEC01EC401A3003095B9 /* LCMD5Tool.m */,
			);
			name = MyClasses;
			path = ..;
			sourceTree = "<group>";
		};
		184CCDA11EC165D200C46056 /* OtherUtilitis */ = {
			isa = PBXGroup;
			children = (
				182C51F71EC5922A0044FF5B /* AESCrypy */,
			);
			name = OtherUtilitis;
			sourceTree = "<group>";
		};
		1872CCD31EC19E99003095B9 /* Frameworks */ = {
			isa = PBXGroup;
			children = (
				1872CCD61EC19EA4003095B9 /* ImageIO.framework */,
				1872CCD41EC19E9A003095B9 /* MapKit.framework */,
				B816B121AA42500989261164 /* libPods-IPaiDirectSeeding.a */,
			);
			name = Frameworks;
			sourceTree = "<group>";
		};
		1872CCDD1EC1A288003095B9 /* FistPageCell */ = {
			isa = PBXGroup;
			children = (
				1872CCD81EC1A27F003095B9 /* PaiMaiViewCell.h */,
				1872CCD91EC1A27F003095B9 /* PaiMaiViewCell.m */,
				1872CCDA1EC1A27F003095B9 /* PaiMaiViewCell.xib */,
			);
			name = FistPageCell;
			sourceTree = "<group>";
		};
		1872CCDE1EC1AFA1003095B9 /* 我的 */ = {
			isa = PBXGroup;
			children = (
				1872CCDF1EC1AFA1003095B9 /* icon_goin-G@2x.png */,
				1872CCE01EC1AFA1003095B9 /* icon_goin-G@3x.png */,
				1872CCE11EC1AFA1003095B9 /* icon_goin-W@2x.png */,
				1872CCE21EC1AFA1003095B9 /* icon_goin-W@3x.png */,
				1872CCE31EC1AFA1003095B9 /* icon_my_anchor@2x.png */,
				1872CCE41EC1AFA1003095B9 /* icon_my_anchor@3x.png */,
				1872CCE51EC1AFA1003095B9 /* icon_my_attention@2x.png */,
				1872CCE61EC1AFA1003095B9 /* icon_my_attention@3x.png */,
				1872CCE71EC1AFA1003095B9 /* icon_my_earnings@2x.png */,
				1872CCE81EC1AFA1003095B9 /* icon_my_earnings@3x.png */,
				1872CCE91EC1AFA1003095B9 /* icon_my_enterprise-certification@2x.png */,
				1872CCEA1EC1AFA1003095B9 /* icon_my_enterprise-certification@3x.png */,
				1872CCEB1EC1AFA1003095B9 /* icon_my_fans@2x.png */,
				1872CCEC1EC1AFA1003095B9 /* icon_my_fans@3x.png */,
				1872CCED1EC1AFA1003095B9 /* icon_my_personal-certificate@2x.png */,
				1872CCEE1EC1AFA1003095B9 /* icon_my_personal-certificate@3x.png */,
				1872CCEF1EC1AFA1003095B9 /* icon_my_safety@2x.png */,
				1872CCF01EC1AFA1003095B9 /* icon_my_safety@3x.png */,
				1872CCF11EC1AFA1003095B9 /* icon_my_set@2x.png */,
				1872CCF21EC1AFA1003095B9 /* icon_my_set@3x.png */,
				1872CCF31EC1AFA1003095B9 /* icon_my_wallet@2x.png */,
				1872CCF41EC1AFA1003095B9 /* icon_my_wallet@3x.png */,
			);
			path = "我的";
			sourceTree = "<group>";
		};
		1872CEB81EC3EBD5003095B9 /* Model */ = {
			isa = PBXGroup;
			children = (
				182C51ED1EC54A850044FF5B /* UserLoginMessageModel.h */,
				182C51EE1EC54A850044FF5B /* UserLoginMessageModel.m */,
			);
			name = Model;
			sourceTree = "<group>";
		};
		1872CEC21EC449D0003095B9 /* Controller */ = {
			isa = PBXGroup;
			children = (
				12F39EB81EBF5D2800A1B9E3 /* RegisterViewController.h */,
				12F39EB91EBF5D2800A1B9E3 /* RegisterViewController.m */,
				12F39EBA1EBF5D2800A1B9E3 /* RegisterViewController.xib */,
			);
			name = Controller;
			sourceTree = "<group>";
		};
		1872CEC31EC449EB003095B9 /* Model */ = {
			isa = PBXGroup;
			children = (
				1872CEC41EC44B35003095B9 /* UserInfoModel.h */,
				1872CEC51EC44B35003095B9 /* UserInfoModel.m */,
			);
			name = Model;
			sourceTree = "<group>";
		};
		DB93613B63ED64CCE7B71E46 /* Pods */ = {
			isa = PBXGroup;
			children = (
				E37245261D20462BF66375F2 /* Pods-IPaiDirectSeeding.debug.xcconfig */,
				1FFFDE0672142C5223917B5D /* Pods-IPaiDirectSeeding.release.xcconfig */,
			);
			name = Pods;
			sourceTree = "<group>";
		};
/* End PBXGroup section */

/* Begin PBXNativeTarget section */
		12F39E751EBE0A3F00A1B9E3 /* IPaiDirectSeeding */ = {
			isa = PBXNativeTarget;
			buildConfigurationList = 12F39EA31EBE0A4000A1B9E3 /* Build configuration list for PBXNativeTarget "IPaiDirectSeeding" */;
			buildPhases = (
				C116AA4C01A3679AF0799F0E /* [CP] Check Pods Manifest.lock */,
				12F39E721EBE0A3F00A1B9E3 /* Sources */,
				12F39E731EBE0A3F00A1B9E3 /* Frameworks */,
				12F39E741EBE0A3F00A1B9E3 /* Resources */,
				31A06A2CD94A7AC86FA37A3D /* [CP] Embed Pods Frameworks */,
				5C812C0714719E0FBBD027F7 /* [CP] Copy Pods Resources */,
			);
			buildRules = (
			);
			dependencies = (
			);
			name = IPaiDirectSeeding;
			productName = IPaiDirectSeeding;
			productReference = 12F39E761EBE0A3F00A1B9E3 /* IPaiDirectSeeding.app */;
			productType = "com.apple.product-type.application";
		};
		12F39E8E1EBE0A3F00A1B9E3 /* IPaiDirectSeedingTests */ = {
			isa = PBXNativeTarget;
			buildConfigurationList = 12F39EA61EBE0A4000A1B9E3 /* Build configuration list for PBXNativeTarget "IPaiDirectSeedingTests" */;
			buildPhases = (
				12F39E8B1EBE0A3F00A1B9E3 /* Sources */,
				12F39E8C1EBE0A3F00A1B9E3 /* Frameworks */,
				12F39E8D1EBE0A3F00A1B9E3 /* Resources */,
			);
			buildRules = (
			);
			dependencies = (
				12F39E911EBE0A3F00A1B9E3 /* PBXTargetDependency */,
			);
			name = IPaiDirectSeedingTests;
			productName = IPaiDirectSeedingTests;
			productReference = 12F39E8F1EBE0A3F00A1B9E3 /* IPaiDirectSeedingTests.xctest */;
			productType = "com.apple.product-type.bundle.unit-test";
		};
		12F39E991EBE0A4000A1B9E3 /* IPaiDirectSeedingUITests */ = {
			isa = PBXNativeTarget;
			buildConfigurationList = 12F39EA91EBE0A4000A1B9E3 /* Build configuration list for PBXNativeTarget "IPaiDirectSeedingUITests" */;
			buildPhases = (
				12F39E961EBE0A4000A1B9E3 /* Sources */,
				12F39E971EBE0A4000A1B9E3 /* Frameworks */,
				12F39E981EBE0A4000A1B9E3 /* Resources */,
			);
			buildRules = (
			);
			dependencies = (
				12F39E9C1EBE0A4000A1B9E3 /* PBXTargetDependency */,
			);
			name = IPaiDirectSeedingUITests;
			productName = IPaiDirectSeedingUITests;
			productReference = 12F39E9A1EBE0A4000A1B9E3 /* IPaiDirectSeedingUITests.xctest */;
			productType = "com.apple.product-type.bundle.ui-testing";
		};
/* End PBXNativeTarget section */

/* Begin PBXProject section */
		12F39E6E1EBE0A3F00A1B9E3 /* Project object */ = {
			isa = PBXProject;
			attributes = {
				LastUpgradeCheck = 0820;
				ORGANIZATIONNAME = HZY;
				TargetAttributes = {
					12F39E751EBE0A3F00A1B9E3 = {
						CreatedOnToolsVersion = 8.2.1;
						ProvisioningStyle = Automatic;
					};
					12F39E8E1EBE0A3F00A1B9E3 = {
						CreatedOnToolsVersion = 8.2.1;
						ProvisioningStyle = Automatic;
						TestTargetID = 12F39E751EBE0A3F00A1B9E3;
					};
					12F39E991EBE0A4000A1B9E3 = {
						CreatedOnToolsVersion = 8.2.1;
						ProvisioningStyle = Automatic;
						TestTargetID = 12F39E751EBE0A3F00A1B9E3;
					};
				};
			};
			buildConfigurationList = 12F39E711EBE0A3F00A1B9E3 /* Build configuration list for PBXProject "IPaiDirectSeeding" */;
			compatibilityVersion = "Xcode 3.2";
			developmentRegion = English;
			hasScannedForEncodings = 0;
			knownRegions = (
				en,
				Base,
			);
			mainGroup = 12F39E6D1EBE0A3F00A1B9E3;
			productRefGroup = 12F39E771EBE0A3F00A1B9E3 /* Products */;
			projectDirPath = "";
			projectRoot = "";
			targets = (
				12F39E751EBE0A3F00A1B9E3 /* IPaiDirectSeeding */,
				12F39E8E1EBE0A3F00A1B9E3 /* IPaiDirectSeedingTests */,
				12F39E991EBE0A4000A1B9E3 /* IPaiDirectSeedingUITests */,
			);
		};
/* End PBXProject section */

/* Begin PBXResourcesBuildPhase section */
		12F39E741EBE0A3F00A1B9E3 /* Resources */ = {
			isa = PBXResourcesBuildPhase;
			buildActionMask = 2147483647;
			files = (
				1872CD091EC1AFA1003095B9 /* icon_my_wallet@2x.png in Resources */,
				184CCD8E1EC049FA00C46056 /* icon_return_g@3x.png in Resources */,
				1872CD051EC1AFA1003095B9 /* icon_my_safety@2x.png in Resources */,
				182C521D1EC5A3EB0044FF5B /* MySafeViewController.xib in Resources */,
				182C52131EC5A1190044FF5B /* MyQiyeRenZhengViewController.xib in Resources */,
				1872CD001EC1AFA1003095B9 /* icon_my_enterprise-certification@3x.png in Resources */,
				12F39E891EBE0A3F00A1B9E3 /* LaunchScreen.storyboard in Resources */,
				182C52091EC5A0CC0044FF5B /* MyGuanzZhuViewController.xib in Resources */,
				1872CCFD1EC1AFA1003095B9 /* icon_my_earnings@2x.png in Resources */,
				1872CCF51EC1AFA1003095B9 /* icon_goin-G@2x.png in Resources */,
				184CCD721EC00F3500C46056 /* icon_main-G@3x.png in Resources */,
				184CCD6F1EC00F3500C46056 /* icon_main-B@2x.png in Resources */,
				184CCD881EC046A100C46056 /* 主页默认图.jpg in Resources */,
				1872CCF61EC1AFA1003095B9 /* icon_goin-G@3x.png in Resources */,
				1872CD021EC1AFA1003095B9 /* icon_my_fans@3x.png in Resources */,
				1872CD011EC1AFA1003095B9 /* icon_my_fans@2x.png in Resources */,
				184CCD871EC046A100C46056 /* 未标题-1.jpg in Resources */,
				184CCD701EC00F3500C46056 /* icon_main-B@3x.png in Resources */,
				184CCD971EC0715100C46056 /* ChangePwdViewController.xib in Resources */,
				184CCD681EC00F3500C46056 /* icon_explain-B@3x.png in Resources */,
				184CCD421EC00ABC00C46056 /* LotsViewController.xib in Resources */,
				1872CCFB1EC1AFA1003095B9 /* icon_my_attention@2x.png in Resources */,
				184CCD671EC00F3500C46056 /* icon_explain-B@2x.png in Resources */,
				12F39E861EBE0A3F00A1B9E3 /* Assets.xcassets in Resources */,
				184CCD761EC00F3500C46056 /* icon_my-G@3x.png in Resources */,
				12F39E841EBE0A3F00A1B9E3 /* Main.storyboard in Resources */,
				1872CCFE1EC1AFA1003095B9 /* icon_my_earnings@3x.png in Resources */,
				1872CCFF1EC1AFA1003095B9 /* icon_my_enterprise-certification@2x.png in Resources */,
				184CCD8C1EC049F000C46056 /* icon_return_g@2x.png in Resources */,
				182C52221EC5A4040044FF5B /* MySetViewController.xib in Resources */,
				184CCD921EC05CED00C46056 /* icon_return_w@3x.png in Resources */,
				1872CD031EC1AFA1003095B9 /* icon_my_personal-certificate@2x.png in Resources */,
				1872CCF91EC1AFA1003095B9 /* icon_my_anchor@2x.png in Resources */,
				1872CCDC1EC1A27F003095B9 /* PaiMaiViewCell.xib in Resources */,
				1872CCF81EC1AFA1003095B9 /* icon_goin-W@3x.png in Resources */,
				184CCD341EC009BC00C46056 /* FirstPageViewController.xib in Resources */,
				184CCD731EC00F3500C46056 /* icon_my-B@2x.png in Resources */,
				1872CD071EC1AFA1003095B9 /* icon_my_set@2x.png in Resources */,
				184CCD6B1EC00F3500C46056 /* icon_hammer-B@2x.png in Resources */,
				184CCD891EC046A100C46056 /* 注册页@3x.png in Resources */,
				1872CD061EC1AFA1003095B9 /* icon_my_safety@3x.png in Resources */,
				1872CCFA1EC1AFA1003095B9 /* icon_my_anchor@3x.png in Resources */,
				1872CCFC1EC1AFA1003095B9 /* icon_my_attention@3x.png in Resources */,
				184CCD851EC046A100C46056 /* 登录页@3x.png in Resources */,
				1872CD0A1EC1AFA1003095B9 /* icon_my_wallet@3x.png in Resources */,
				182C520E1EC5A1020044FF5B /* MyShiMingViewController.xib in Resources */,
				1872CCF71EC1AFA1003095B9 /* icon_goin-W@2x.png in Resources */,
				184CCD6E1EC00F3500C46056 /* icon_hammer-G@3x.png in Resources */,
				12F39EBC1EBF5D2800A1B9E3 /* RegisterViewController.xib in Resources */,
				184CCD7C1EC045DA00C46056 /* LoginViewController.xib in Resources */,
				184CCD751EC00F3500C46056 /* icon_my-G@2x.png in Resources */,
				1872CD081EC1AFA1003095B9 /* icon_my_set@3x.png in Resources */,
				184CCD711EC00F3500C46056 /* icon_main-G@2x.png in Resources */,
				184CCDA01EC15F7D00C46056 /* ByMailViewController.xib in Resources */,
				184CCD741EC00F3500C46056 /* icon_my-B@3x.png in Resources */,
				184CCD6A1EC00F3500C46056 /* icon_explain-G@3x.png in Resources */,
				184CCD691EC00F3500C46056 /* icon_explain-G@2x.png in Resources */,
				184CCD3D1EC00AA600C46056 /* InstructionViewController.xib in Resources */,
				184CCD911EC05CED00C46056 /* icon_return_w@2x.png in Resources */,
				182C52181EC5A3CF0044FF5B /* MyWalletViewController.xib in Resources */,
				184CCD471EC00ACA00C46056 /* MineViewController.xib in Resources */,
				1872CD041EC1AFA1003095B9 /* icon_my_personal-certificate@3x.png in Resources */,
				184CCD6D1EC00F3500C46056 /* icon_hammer-G@2x.png in Resources */,
				1872CECB1EC45E07003095B9 /* UserInfoViewController.xib in Resources */,
				182C52291EC5AC070044FF5B /* GuanZhuListCell.xib in Resources */,
				184CCD861EC046A100C46056 /* 头像.jpg in Resources */,
				184CCD6C1EC00F3500C46056 /* icon_hammer-B@3x.png in Resources */,
			);
			runOnlyForDeploymentPostprocessing = 0;
		};
		12F39E8D1EBE0A3F00A1B9E3 /* Resources */ = {
			isa = PBXResourcesBuildPhase;
			buildActionMask = 2147483647;
			files = (
			);
			runOnlyForDeploymentPostprocessing = 0;
		};
		12F39E981EBE0A4000A1B9E3 /* Resources */ = {
			isa = PBXResourcesBuildPhase;
			buildActionMask = 2147483647;
			files = (
			);
			runOnlyForDeploymentPostprocessing = 0;
		};
/* End PBXResourcesBuildPhase section */

/* Begin PBXShellScriptBuildPhase section */
		31A06A2CD94A7AC86FA37A3D /* [CP] Embed Pods Frameworks */ = {
			isa = PBXShellScriptBuildPhase;
			buildActionMask = 2147483647;
			files = (
			);
			inputPaths = (
			);
			name = "[CP] Embed Pods Frameworks";
			outputPaths = (
			);
			runOnlyForDeploymentPostprocessing = 0;
			shellPath = /bin/sh;
			shellScript = "\"${SRCROOT}/Pods/Target Support Files/Pods-IPaiDirectSeeding/Pods-IPaiDirectSeeding-frameworks.sh\"\n";
			showEnvVarsInLog = 0;
		};
		5C812C0714719E0FBBD027F7 /* [CP] Copy Pods Resources */ = {
			isa = PBXShellScriptBuildPhase;
			buildActionMask = 2147483647;
			files = (
			);
			inputPaths = (
			);
			name = "[CP] Copy Pods Resources";
			outputPaths = (
			);
			runOnlyForDeploymentPostprocessing = 0;
			shellPath = /bin/sh;
			shellScript = "\"${SRCROOT}/Pods/Target Support Files/Pods-IPaiDirectSeeding/Pods-IPaiDirectSeeding-resources.sh\"\n";
			showEnvVarsInLog = 0;
		};
		C116AA4C01A3679AF0799F0E /* [CP] Check Pods Manifest.lock */ = {
			isa = PBXShellScriptBuildPhase;
			buildActionMask = 2147483647;
			files = (
			);
			inputPaths = (
			);
			name = "[CP] Check Pods Manifest.lock";
			outputPaths = (
			);
			runOnlyForDeploymentPostprocessing = 0;
			shellPath = /bin/sh;
			shellScript = "diff \"${PODS_PODFILE_DIR_PATH}/Podfile.lock\" \"${PODS_ROOT}/Manifest.lock\" > /dev/null\nif [ $? != 0 ] ; then\n    # print error to STDERR\n    echo \"error: The sandbox is not in sync with the Podfile.lock. Run 'pod install' or update your CocoaPods installation.\" >&2\n    exit 1\nfi\n";
			showEnvVarsInLog = 0;
		};
/* End PBXShellScriptBuildPhase section */

/* Begin PBXSourcesBuildPhase section */
		12F39E721EBE0A3F00A1B9E3 /* Sources */ = {
			isa = PBXSourcesBuildPhase;
			buildActionMask = 2147483647;
			files = (
				182C52171EC5A3CF0044FF5B /* MyWalletViewController.m in Sources */,
				1872CC491EC18F18003095B9 /* FGGAutoScrollView.m in Sources */,
				182C520D1EC5A1020044FF5B /* MyShiMingViewController.m in Sources */,
				1872CEC11EC401A3003095B9 /* LCMD5Tool.m in Sources */,
				1872CEC61EC44B35003095B9 /* UserInfoModel.m in Sources */,
				184CCD411EC00ABC00C46056 /* LotsViewController.m in Sources */,
				182C51EF1EC54A850044FF5B /* UserLoginMessageModel.m in Sources */,
				184CCD541EC00D0400C46056 /* IpaiTabBarController.m in Sources */,
				182C52081EC5A0CC0044FF5B /* MyGuanzZhuViewController.m in Sources */,
				184CCD9F1EC15F7D00C46056 /* ByMailViewController.m in Sources */,
				182C52281EC5AC070044FF5B /* GuanZhuListCell.m in Sources */,
				184CCD3C1EC00AA600C46056 /* InstructionViewController.m in Sources */,
				182C52021EC5922A0044FF5B /* NSData+CommonCrypto.m in Sources */,
				182C52121EC5A1190044FF5B /* MyQiyeRenZhengViewController.m in Sources */,
				182C52031EC5922A0044FF5B /* NSString+Base64.m in Sources */,
				184CCD511EC00CCC00C46056 /* IPaiNavigationController.m in Sources */,
				12F39EBB1EBF5D2800A1B9E3 /* RegisterViewController.m in Sources */,
				1872CECA1EC45E07003095B9 /* UserInfoViewController.m in Sources */,
				182C51F61EC5906E0044FF5B /* DataModel.m in Sources */,
				184CCD461EC00ACA00C46056 /* MineViewController.m in Sources */,
				182C52211EC5A4040044FF5B /* MySetViewController.m in Sources */,
				184CCD331EC009BC00C46056 /* FirstPageViewController.m in Sources */,
				182C52001EC5922A0044FF5B /* AESCrypt.m in Sources */,
				184CCD961EC0715100C46056 /* ChangePwdViewController.m in Sources */,
				12F39E7E1EBE0A3F00A1B9E3 /* AppDelegate.m in Sources */,
				182C521C1EC5A3EB0044FF5B /* MySafeViewController.m in Sources */,
				1872CEBE1EC3F740003095B9 /* NetWorkingTool.m in Sources */,
				182C52011EC5922A0044FF5B /* NSData+Base64.m in Sources */,
				182C51F21EC58FF90044FF5B /* GloablConfig.m in Sources */,
				184CCD7B1EC045DA00C46056 /* LoginViewController.m in Sources */,
				12F39E7B1EBE0A3F00A1B9E3 /* main.m in Sources */,
				1872CCDB1EC1A27F003095B9 /* PaiMaiViewCell.m in Sources */,
			);
			runOnlyForDeploymentPostprocessing = 0;
		};
		12F39E8B1EBE0A3F00A1B9E3 /* Sources */ = {
			isa = PBXSourcesBuildPhase;
			buildActionMask = 2147483647;
			files = (
				12F39E941EBE0A3F00A1B9E3 /* IPaiDirectSeedingTests.m in Sources */,
			);
			runOnlyForDeploymentPostprocessing = 0;
		};
		12F39E961EBE0A4000A1B9E3 /* Sources */ = {
			isa = PBXSourcesBuildPhase;
			buildActionMask = 2147483647;
			files = (
				12F39E9F1EBE0A4000A1B9E3 /* IPaiDirectSeedingUITests.m in Sources */,
			);
			runOnlyForDeploymentPostprocessing = 0;
		};
/* End PBXSourcesBuildPhase section */

/* Begin PBXTargetDependency section */
		12F39E911EBE0A3F00A1B9E3 /* PBXTargetDependency */ = {
			isa = PBXTargetDependency;
			target = 12F39E751EBE0A3F00A1B9E3 /* IPaiDirectSeeding */;
			targetProxy = 12F39E901EBE0A3F00A1B9E3 /* PBXContainerItemProxy */;
		};
		12F39E9C1EBE0A4000A1B9E3 /* PBXTargetDependency */ = {
			isa = PBXTargetDependency;
			target = 12F39E751EBE0A3F00A1B9E3 /* IPaiDirectSeeding */;
			targetProxy = 12F39E9B1EBE0A4000A1B9E3 /* PBXContainerItemProxy */;
		};
/* End PBXTargetDependency section */

/* Begin PBXVariantGroup section */
		12F39E821EBE0A3F00A1B9E3 /* Main.storyboard */ = {
			isa = PBXVariantGroup;
			children = (
				12F39E831EBE0A3F00A1B9E3 /* Base */,
			);
			name = Main.storyboard;
			sourceTree = "<group>";
		};
		12F39E871EBE0A3F00A1B9E3 /* LaunchScreen.storyboard */ = {
			isa = PBXVariantGroup;
			children = (
				12F39E881EBE0A3F00A1B9E3 /* Base */,
			);
			name = LaunchScreen.storyboard;
			sourceTree = "<group>";
		};
/* End PBXVariantGroup section */

/* Begin XCBuildConfiguration section */
		12F39EA11EBE0A4000A1B9E3 /* Debug */ = {
			isa = XCBuildConfiguration;
			buildSettings = {
				ALWAYS_SEARCH_USER_PATHS = NO;
				CLANG_ANALYZER_NONNULL = YES;
				CLANG_CXX_LANGUAGE_STANDARD = "gnu++0x";
				CLANG_CXX_LIBRARY = "libc++";
				CLANG_ENABLE_MODULES = YES;
				CLANG_ENABLE_OBJC_ARC = YES;
				CLANG_WARN_BOOL_CONVERSION = YES;
				CLANG_WARN_CONSTANT_CONVERSION = YES;
				CLANG_WARN_DIRECT_OBJC_ISA_USAGE = YES_ERROR;
				CLANG_WARN_DOCUMENTATION_COMMENTS = YES;
				CLANG_WARN_EMPTY_BODY = YES;
				CLANG_WARN_ENUM_CONVERSION = YES;
				CLANG_WARN_INFINITE_RECURSION = YES;
				CLANG_WARN_INT_CONVERSION = YES;
				CLANG_WARN_OBJC_ROOT_CLASS = YES_ERROR;
				CLANG_WARN_SUSPICIOUS_MOVE = YES;
				CLANG_WARN_UNREACHABLE_CODE = YES;
				CLANG_WARN__DUPLICATE_METHOD_MATCH = YES;
				"CODE_SIGN_IDENTITY[sdk=iphoneos*]" = "iPhone Developer";
				COPY_PHASE_STRIP = NO;
				DEBUG_INFORMATION_FORMAT = dwarf;
				ENABLE_STRICT_OBJC_MSGSEND = YES;
				ENABLE_TESTABILITY = YES;
				GCC_C_LANGUAGE_STANDARD = gnu99;
				GCC_DYNAMIC_NO_PIC = NO;
				GCC_NO_COMMON_BLOCKS = YES;
				GCC_OPTIMIZATION_LEVEL = 0;
				GCC_PREPROCESSOR_DEFINITIONS = (
					"DEBUG=1",
					"$(inherited)",
				);
				GCC_WARN_64_TO_32_BIT_CONVERSION = YES;
				GCC_WARN_ABOUT_RETURN_TYPE = YES_ERROR;
				GCC_WARN_UNDECLARED_SELECTOR = YES;
				GCC_WARN_UNINITIALIZED_AUTOS = YES_AGGRESSIVE;
				GCC_WARN_UNUSED_FUNCTION = YES;
				GCC_WARN_UNUSED_VARIABLE = YES;
				IPHONEOS_DEPLOYMENT_TARGET = 10.2;
				MTL_ENABLE_DEBUG_INFO = YES;
				ONLY_ACTIVE_ARCH = YES;
				OTHER_LDFLAGS = "-Objc";
				SDKROOT = iphoneos;
				TARGETED_DEVICE_FAMILY = "1,2";
				VALID_ARCHS = "arm64 armv7 armv7s";
			};
			name = Debug;
		};
		12F39EA21EBE0A4000A1B9E3 /* Release */ = {
			isa = XCBuildConfiguration;
			buildSettings = {
				ALWAYS_SEARCH_USER_PATHS = NO;
				CLANG_ANALYZER_NONNULL = YES;
				CLANG_CXX_LANGUAGE_STANDARD = "gnu++0x";
				CLANG_CXX_LIBRARY = "libc++";
				CLANG_ENABLE_MODULES = YES;
				CLANG_ENABLE_OBJC_ARC = YES;
				CLANG_WARN_BOOL_CONVERSION = YES;
				CLANG_WARN_CONSTANT_CONVERSION = YES;
				CLANG_WARN_DIRECT_OBJC_ISA_USAGE = YES_ERROR;
				CLANG_WARN_DOCUMENTATION_COMMENTS = YES;
				CLANG_WARN_EMPTY_BODY = YES;
				CLANG_WARN_ENUM_CONVERSION = YES;
				CLANG_WARN_INFINITE_RECURSION = YES;
				CLANG_WARN_INT_CONVERSION = YES;
				CLANG_WARN_OBJC_ROOT_CLASS = YES_ERROR;
				CLANG_WARN_SUSPICIOUS_MOVE = YES;
				CLANG_WARN_UNREACHABLE_CODE = YES;
				CLANG_WARN__DUPLICATE_METHOD_MATCH = YES;
				"CODE_SIGN_IDENTITY[sdk=iphoneos*]" = "iPhone Developer";
				COPY_PHASE_STRIP = NO;
				DEBUG_INFORMATION_FORMAT = "dwarf-with-dsym";
				ENABLE_NS_ASSERTIONS = NO;
				ENABLE_STRICT_OBJC_MSGSEND = YES;
				GCC_C_LANGUAGE_STANDARD = gnu99;
				GCC_NO_COMMON_BLOCKS = YES;
				GCC_WARN_64_TO_32_BIT_CONVERSION = YES;
				GCC_WARN_ABOUT_RETURN_TYPE = YES_ERROR;
				GCC_WARN_UNDECLARED_SELECTOR = YES;
				GCC_WARN_UNINITIALIZED_AUTOS = YES_AGGRESSIVE;
				GCC_WARN_UNUSED_FUNCTION = YES;
				GCC_WARN_UNUSED_VARIABLE = YES;
				IPHONEOS_DEPLOYMENT_TARGET = 10.2;
				MTL_ENABLE_DEBUG_INFO = NO;
				OTHER_LDFLAGS = "-Objc";
				SDKROOT = iphoneos;
				TARGETED_DEVICE_FAMILY = "1,2";
				VALIDATE_PRODUCT = YES;
				VALID_ARCHS = "arm64 armv7 armv7s";
			};
			name = Release;
		};
		12F39EA41EBE0A4000A1B9E3 /* Debug */ = {
			isa = XCBuildConfiguration;
			baseConfigurationReference = E37245261D20462BF66375F2 /* Pods-IPaiDirectSeeding.debug.xcconfig */;
			buildSettings = {
				ASSETCATALOG_COMPILER_APPICON_NAME = AppIcon;
				CLANG_ENABLE_OBJC_ARC = YES;
				CLANG_ENABLE_OBJC_WEAK = NO;
				DEVELOPMENT_TEAM = "";
				GCC_PREFIX_HEADER = "$(SRCROOT)/IPaiDirectSeeding/IPaiPch.pch";
				INFOPLIST_FILE = IPaiDirectSeeding/Info.plist;
				LD_RUNPATH_SEARCH_PATHS = "$(inherited) @executable_path/Frameworks";
				ONLY_ACTIVE_ARCH = YES;
				OTHER_LDFLAGS = "$(inherited)";
				OTHER_LIBTOOLFLAGS = "";
				PRODUCT_BUNDLE_IDENTIFIER = com.IPaiDirectSeeding;
				PRODUCT_NAME = "$(TARGET_NAME)";
				USER_HEADER_SEARCH_PATHS = "${SRCROOT}/**";
			};
			name = Debug;
		};
		12F39EA51EBE0A4000A1B9E3 /* Release */ = {
			isa = XCBuildConfiguration;
			baseConfigurationReference = 1FFFDE0672142C5223917B5D /* Pods-IPaiDirectSeeding.release.xcconfig */;
			buildSettings = {
				ASSETCATALOG_COMPILER_APPICON_NAME = AppIcon;
				CLANG_ENABLE_OBJC_ARC = YES;
				CLANG_ENABLE_OBJC_WEAK = NO;
				DEVELOPMENT_TEAM = "";
				GCC_PREFIX_HEADER = "$(SRCROOT)/IPaiDirectSeeding/IPaiPch.pch";
				INFOPLIST_FILE = IPaiDirectSeeding/Info.plist;
				LD_RUNPATH_SEARCH_PATHS = "$(inherited) @executable_path/Frameworks";
				ONLY_ACTIVE_ARCH = YES;
				OTHER_LDFLAGS = "$(inherited)";
				OTHER_LIBTOOLFLAGS = "";
				PRODUCT_BUNDLE_IDENTIFIER = com.IPaiDirectSeeding;
				PRODUCT_NAME = "$(TARGET_NAME)";
				USER_HEADER_SEARCH_PATHS = "${SRCROOT}/**";
			};
			name = Release;
		};
		12F39EA71EBE0A4000A1B9E3 /* Debug */ = {
			isa = XCBuildConfiguration;
			buildSettings = {
				BUNDLE_LOADER = "$(TEST_HOST)";
				INFOPLIST_FILE = IPaiDirectSeedingTests/Info.plist;
				LD_RUNPATH_SEARCH_PATHS = "$(inherited) @executable_path/Frameworks @loader_path/Frameworks";
				PRODUCT_BUNDLE_IDENTIFIER = com.IPaiDirectSeedingTests;
				PRODUCT_NAME = "$(TARGET_NAME)";
				TEST_HOST = "$(BUILT_PRODUCTS_DIR)/IPaiDirectSeeding.app/IPaiDirectSeeding";
			};
			name = Debug;
		};
		12F39EA81EBE0A4000A1B9E3 /* Release */ = {
			isa = XCBuildConfiguration;
			buildSettings = {
				BUNDLE_LOADER = "$(TEST_HOST)";
				INFOPLIST_FILE = IPaiDirectSeedingTests/Info.plist;
				LD_RUNPATH_SEARCH_PATHS = "$(inherited) @executable_path/Frameworks @loader_path/Frameworks";
				PRODUCT_BUNDLE_IDENTIFIER = com.IPaiDirectSeedingTests;
				PRODUCT_NAME = "$(TARGET_NAME)";
				TEST_HOST = "$(BUILT_PRODUCTS_DIR)/IPaiDirectSeeding.app/IPaiDirectSeeding";
			};
			name = Release;
		};
		12F39EAA1EBE0A4000A1B9E3 /* Debug */ = {
			isa = XCBuildConfiguration;
			buildSettings = {
				INFOPLIST_FILE = IPaiDirectSeedingUITests/Info.plist;
				LD_RUNPATH_SEARCH_PATHS = "$(inherited) @executable_path/Frameworks @loader_path/Frameworks";
				PRODUCT_BUNDLE_IDENTIFIER = com.IPaiDirectSeedingUITests;
				PRODUCT_NAME = "$(TARGET_NAME)";
				TEST_TARGET_NAME = IPaiDirectSeeding;
			};
			name = Debug;
		};
		12F39EAB1EBE0A4000A1B9E3 /* Release */ = {
			isa = XCBuildConfiguration;
			buildSettings = {
				INFOPLIST_FILE = IPaiDirectSeedingUITests/Info.plist;
				LD_RUNPATH_SEARCH_PATHS = "$(inherited) @executable_path/Frameworks @loader_path/Frameworks";
				PRODUCT_BUNDLE_IDENTIFIER = com.IPaiDirectSeedingUITests;
				PRODUCT_NAME = "$(TARGET_NAME)";
				TEST_TARGET_NAME = IPaiDirectSeeding;
			};
			name = Release;
		};
/* End XCBuildConfiguration section */

/* Begin XCConfigurationList section */
		12F39E711EBE0A3F00A1B9E3 /* Build configuration list for PBXProject "IPaiDirectSeeding" */ = {
			isa = XCConfigurationList;
			buildConfigurations = (
				12F39EA11EBE0A4000A1B9E3 /* Debug */,
				12F39EA21EBE0A4000A1B9E3 /* Release */,
			);
			defaultConfigurationIsVisible = 0;
			defaultConfigurationName = Release;
		};
		12F39EA31EBE0A4000A1B9E3 /* Build configuration list for PBXNativeTarget "IPaiDirectSeeding" */ = {
			isa = XCConfigurationList;
			buildConfigurations = (
				12F39EA41EBE0A4000A1B9E3 /* Debug */,
				12F39EA51EBE0A4000A1B9E3 /* Release */,
			);
			defaultConfigurationIsVisible = 0;
			defaultConfigurationName = Release;
		};
		12F39EA61EBE0A4000A1B9E3 /* Build configuration list for PBXNativeTarget "IPaiDirectSeedingTests" */ = {
			isa = XCConfigurationList;
			buildConfigurations = (
				12F39EA71EBE0A4000A1B9E3 /* Debug */,
				12F39EA81EBE0A4000A1B9E3 /* Release */,
			);
			defaultConfigurationIsVisible = 0;
			defaultConfigurationName = Release;
		};
		12F39EA91EBE0A4000A1B9E3 /* Build configuration list for PBXNativeTarget "IPaiDirectSeedingUITests" */ = {
			isa = XCConfigurationList;
			buildConfigurations = (
				12F39EAA1EBE0A4000A1B9E3 /* Debug */,
				12F39EAB1EBE0A4000A1B9E3 /* Release */,
			);
			defaultConfigurationIsVisible = 0;
			defaultConfigurationName = Release;
		};
/* End XCConfigurationList section */
	};
	rootObject = 12F39E6E1EBE0A3F00A1B9E3 /* Project object */;
}
